// !$*UTF8*$!
{
	archiveVersion = 1;
	classes = {
	};
	objectVersion = 51;
	objects = {

/* Begin PBXBuildFile section */
		1434A1C5133B0C955B00B84F /* Pods_tutorial.framework in Frameworks */ = {isa = PBXBuildFile; fileRef = B1B394FB7F78566BECC1A377 /* Pods_tutorial.framework */; };
		436C0C9325DE104100329384 /* HKUITLTD_PoseEstim_Framework.framework in Frameworks */ = {isa = PBXBuildFile; fileRef = 436C0C9225DE104100329384 /* HKUITLTD_PoseEstim_Framework.framework */; };
		436C0C9425DE104100329384 /* HKUITLTD_PoseEstim_Framework.framework in Embed Frameworks */ = {isa = PBXBuildFile; fileRef = 436C0C9225DE104100329384 /* HKUITLTD_PoseEstim_Framework.framework */; settings = {ATTRIBUTES = (CodeSignOnCopy, RemoveHeadersOnCopy, ); }; };
		43ABD6AC253046CE00C61C97 /* AppDelegate.swift in Sources */ = {isa = PBXBuildFile; fileRef = 43ABD6AB253046CE00C61C97 /* AppDelegate.swift */; };
		43ABD6AE253046CE00C61C97 /* SceneDelegate.swift in Sources */ = {isa = PBXBuildFile; fileRef = 43ABD6AD253046CE00C61C97 /* SceneDelegate.swift */; };
		43ABD6B0253046CE00C61C97 /* ViewController.swift in Sources */ = {isa = PBXBuildFile; fileRef = 43ABD6AF253046CE00C61C97 /* ViewController.swift */; };
		43ABD6B3253046CE00C61C97 /* Main.storyboard in Resources */ = {isa = PBXBuildFile; fileRef = 43ABD6B1253046CE00C61C97 /* Main.storyboard */; };
		43ABD6B5253046D100C61C97 /* Assets.xcassets in Resources */ = {isa = PBXBuildFile; fileRef = 43ABD6B4253046D100C61C97 /* Assets.xcassets */; };
		43ABD6B8253046D100C61C97 /* LaunchScreen.storyboard in Resources */ = {isa = PBXBuildFile; fileRef = 43ABD6B6253046D100C61C97 /* LaunchScreen.storyboard */; };
		43B6184C265B4EEA00C393C8 /* HKUITLTD_PoseEstim_Framework in Resources */ = {isa = PBXBuildFile; fileRef = 43B61845265B4EEA00C393C8 /* HKUITLTD_PoseEstim_Framework */; };
/* End PBXBuildFile section */

/* Begin PBXContainerItemProxy section */
		43B6184A265B4EEA00C393C8 /* PBXContainerItemProxy */ = {
			isa = PBXContainerItemProxy;
			containerPortal = 43B61846265B4EEA00C393C8 /* HKUITLTD_PoseEstim_Framework.xcodeproj */;
			proxyType = 2;
			remoteGlobalIDString = 4358BFE024738DA2008B4656;
			remoteInfo = HKUITLTD_PoseEstim_Framework;
		};
/* End PBXContainerItemProxy section */

/* Begin PBXCopyFilesBuildPhase section */
		436C0C9525DE104100329384 /* Embed Frameworks */ = {
			isa = PBXCopyFilesBuildPhase;
			buildActionMask = 2147483647;
			dstPath = "";
			dstSubfolderSpec = 10;
			files = (
				436C0C9425DE104100329384 /* HKUITLTD_PoseEstim_Framework.framework in Embed Frameworks */,
			);
			name = "Embed Frameworks";
			runOnlyForDeploymentPostprocessing = 0;
		};
/* End PBXCopyFilesBuildPhase section */

/* Begin PBXFileReference section */
		436C0C9225DE104100329384 /* HKUITLTD_PoseEstim_Framework.framework */ = {isa = PBXFileReference; explicitFileType = wrapper.framework; path = HKUITLTD_PoseEstim_Framework.framework; sourceTree = BUILT_PRODUCTS_DIR; };
		43ABD6A8253046CE00C61C97 /* tutorial.app */ = {isa = PBXFileReference; explicitFileType = wrapper.application; includeInIndex = 0; path = tutorial.app; sourceTree = BUILT_PRODUCTS_DIR; };
		43ABD6AB253046CE00C61C97 /* AppDelegate.swift */ = {isa = PBXFileReference; lastKnownFileType = sourcecode.swift; path = AppDelegate.swift; sourceTree = "<group>"; };
		43ABD6AD253046CE00C61C97 /* SceneDelegate.swift */ = {isa = PBXFileReference; lastKnownFileType = sourcecode.swift; path = SceneDelegate.swift; sourceTree = "<group>"; };
		43ABD6AF253046CE00C61C97 /* ViewController.swift */ = {isa = PBXFileReference; lastKnownFileType = sourcecode.swift; path = ViewController.swift; sourceTree = "<group>"; };
		43ABD6B2253046CE00C61C97 /* Base */ = {isa = PBXFileReference; lastKnownFileType = file.storyboard; name = Base; path = Base.lproj/Main.storyboard; sourceTree = "<group>"; };
		43ABD6B4253046D100C61C97 /* Assets.xcassets */ = {isa = PBXFileReference; lastKnownFileType = folder.assetcatalog; path = Assets.xcassets; sourceTree = "<group>"; };
		43ABD6B7253046D100C61C97 /* Base */ = {isa = PBXFileReference; lastKnownFileType = file.storyboard; name = Base; path = Base.lproj/LaunchScreen.storyboard; sourceTree = "<group>"; };
		43ABD6B9253046D100C61C97 /* Info.plist */ = {isa = PBXFileReference; lastKnownFileType = text.plist.xml; path = Info.plist; sourceTree = "<group>"; };
		43B61845265B4EEA00C393C8 /* HKUITLTD_PoseEstim_Framework */ = {isa = PBXFileReference; lastKnownFileType = folder; name = HKUITLTD_PoseEstim_Framework; path = ../HKUITLTD_PoseEstim_Framework_beta_3/HKUITLTD_PoseEstim_Framework; sourceTree = "<group>"; };
		43B61846265B4EEA00C393C8 /* HKUITLTD_PoseEstim_Framework.xcodeproj */ = {isa = PBXFileReference; lastKnownFileType = "wrapper.pb-project"; name = HKUITLTD_PoseEstim_Framework.xcodeproj; path = ../HKUITLTD_PoseEstim_Framework_beta_3/HKUITLTD_PoseEstim_Framework.xcodeproj; sourceTree = "<group>"; };
		AD704EA7E3D2B47704282F2D /* Pods-tutorial.release.xcconfig */ = {isa = PBXFileReference; includeInIndex = 1; lastKnownFileType = text.xcconfig; name = "Pods-tutorial.release.xcconfig"; path = "Target Support Files/Pods-tutorial/Pods-tutorial.release.xcconfig"; sourceTree = "<group>"; };
		B1B394FB7F78566BECC1A377 /* Pods_tutorial.framework */ = {isa = PBXFileReference; explicitFileType = wrapper.framework; includeInIndex = 0; path = Pods_tutorial.framework; sourceTree = BUILT_PRODUCTS_DIR; };
		B5D1FBED65FC5897DC34E4FC /* Pods-tutorial.debug.xcconfig */ = {isa = PBXFileReference; includeInIndex = 1; lastKnownFileType = text.xcconfig; name = "Pods-tutorial.debug.xcconfig"; path = "Target Support Files/Pods-tutorial/Pods-tutorial.debug.xcconfig"; sourceTree = "<group>"; };
/* End PBXFileReference section */

/* Begin PBXFrameworksBuildPhase section */
		43ABD6A5253046CE00C61C97 /* Frameworks */ = {
			isa = PBXFrameworksBuildPhase;
			buildActionMask = 2147483647;
			files = (
				436C0C9325DE104100329384 /* HKUITLTD_PoseEstim_Framework.framework in Frameworks */,
				1434A1C5133B0C955B00B84F /* Pods_tutorial.framework in Frameworks */,
			);
			runOnlyForDeploymentPostprocessing = 0;
		};
/* End PBXFrameworksBuildPhase section */

/* Begin PBXGroup section */
		4309A03125A3043100F630BF /* Frameworks */ = {
			isa = PBXGroup;
			children = (
				436C0C9225DE104100329384 /* HKUITLTD_PoseEstim_Framework.framework */,
				B1B394FB7F78566BECC1A377 /* Pods_tutorial.framework */,
			);
			name = Frameworks;
			sourceTree = "<group>";
		};
		43ABD69F253046CE00C61C97 = {
			isa = PBXGroup;
			children = (
				43B61845265B4EEA00C393C8 /* HKUITLTD_PoseEstim_Framework */,
				43B61846265B4EEA00C393C8 /* HKUITLTD_PoseEstim_Framework.xcodeproj */,
				43ABD6AA253046CE00C61C97 /* tutorial */,
				43ABD6A9253046CE00C61C97 /* Products */,
				4309A03125A3043100F630BF /* Frameworks */,
				C7D140030654E7271EBB1A22 /* Pods */,
			);
			sourceTree = "<group>";
		};
		43ABD6A9253046CE00C61C97 /* Products */ = {
			isa = PBXGroup;
			children = (
				43ABD6A8253046CE00C61C97 /* tutorial.app */,
			);
			name = Products;
			sourceTree = "<group>";
		};
		43ABD6AA253046CE00C61C97 /* tutorial */ = {
			isa = PBXGroup;
			children = (
				43ABD6AB253046CE00C61C97 /* AppDelegate.swift */,
				43ABD6AD253046CE00C61C97 /* SceneDelegate.swift */,
				43ABD6AF253046CE00C61C97 /* ViewController.swift */,
				43ABD6B1253046CE00C61C97 /* Main.storyboard */,
				43ABD6B4253046D100C61C97 /* Assets.xcassets */,
				43ABD6B6253046D100C61C97 /* LaunchScreen.storyboard */,
				43ABD6B9253046D100C61C97 /* Info.plist */,
			);
			path = tutorial;
			sourceTree = "<group>";
		};
		43B61847265B4EEA00C393C8 /* Products */ = {
			isa = PBXGroup;
			children = (
				43B6184B265B4EEA00C393C8 /* HKUITLTD_PoseEstim_Framework.framework */,
			);
			name = Products;
			sourceTree = "<group>";
		};
		C7D140030654E7271EBB1A22 /* Pods */ = {
			isa = PBXGroup;
			children = (
				B5D1FBED65FC5897DC34E4FC /* Pods-tutorial.debug.xcconfig */,
				AD704EA7E3D2B47704282F2D /* Pods-tutorial.release.xcconfig */,
			);
			path = Pods;
			sourceTree = "<group>";
		};
/* End PBXGroup section */

/* Begin PBXNativeTarget section */
		43ABD6A7253046CE00C61C97 /* tutorial */ = {
			isa = PBXNativeTarget;
			buildConfigurationList = 43ABD6BC253046D100C61C97 /* Build configuration list for PBXNativeTarget "tutorial" */;
			buildPhases = (
				C3EF60CA5CF6F4A59DD08719 /* [CP] Check Pods Manifest.lock */,
				43ABD6A4253046CE00C61C97 /* Sources */,
				43ABD6A5253046CE00C61C97 /* Frameworks */,
				43ABD6A6253046CE00C61C97 /* Resources */,
				436C0C9525DE104100329384 /* Embed Frameworks */,
				7817FCE122D97B8B0035B655 /* [CP] Embed Pods Frameworks */,
			);
			buildRules = (
			);
			dependencies = (
			);
			name = tutorial;
			productName = tutorial;
			productReference = 43ABD6A8253046CE00C61C97 /* tutorial.app */;
			productType = "com.apple.product-type.application";
		};
/* End PBXNativeTarget section */

/* Begin PBXProject section */
		43ABD6A0253046CE00C61C97 /* Project object */ = {
			isa = PBXProject;
			attributes = {
				LastSwiftUpdateCheck = 1200;
				LastUpgradeCheck = 1200;
				TargetAttributes = {
					43ABD6A7253046CE00C61C97 = {
						CreatedOnToolsVersion = 12.0.1;
					};
				};
			};
			buildConfigurationList = 43ABD6A3253046CE00C61C97 /* Build configuration list for PBXProject "tutorial" */;
			compatibilityVersion = "Xcode 9.3";
			developmentRegion = en;
			hasScannedForEncodings = 0;
			knownRegions = (
				en,
				Base,
			);
			mainGroup = 43ABD69F253046CE00C61C97;
			productRefGroup = 43ABD6A9253046CE00C61C97 /* Products */;
			projectDirPath = "";
			projectReferences = (
				{
					ProductGroup = 43B61847265B4EEA00C393C8 /* Products */;
					ProjectRef = 43B61846265B4EEA00C393C8 /* HKUITLTD_PoseEstim_Framework.xcodeproj */;
				},
			);
			projectRoot = "";
			targets = (
				43ABD6A7253046CE00C61C97 /* tutorial */,
			);
		};
/* End PBXProject section */

/* Begin PBXReferenceProxy section */
		43B6184B265B4EEA00C393C8 /* HKUITLTD_PoseEstim_Framework.framework */ = {
			isa = PBXReferenceProxy;
			fileType = wrapper.framework;
			path = HKUITLTD_PoseEstim_Framework.framework;
			remoteRef = 43B6184A265B4EEA00C393C8 /* PBXContainerItemProxy */;
			sourceTree = BUILT_PRODUCTS_DIR;
		};
/* End PBXReferenceProxy section */

/* Begin PBXResourcesBuildPhase section */
		43ABD6A6253046CE00C61C97 /* Resources */ = {
			isa = PBXResourcesBuildPhase;
			buildActionMask = 2147483647;
			files = (
				43ABD6B8253046D100C61C97 /* LaunchScreen.storyboard in Resources */,
				43ABD6B5253046D100C61C97 /* Assets.xcassets in Resources */,
				43B6184C265B4EEA00C393C8 /* HKUITLTD_PoseEstim_Framework in Resources */,
				43ABD6B3253046CE00C61C97 /* Main.storyboard in Resources */,
			);
			runOnlyForDeploymentPostprocessing = 0;
		};
/* End PBXResourcesBuildPhase section */

/* Begin PBXShellScriptBuildPhase section */
		7817FCE122D97B8B0035B655 /* [CP] Embed Pods Frameworks */ = {
			isa = PBXShellScriptBuildPhase;
			buildActionMask = 2147483647;
			files = (
			);
			inputFileListPaths = (
				"${PODS_ROOT}/Target Support Files/Pods-tutorial/Pods-tutorial-frameworks-${CONFIGURATION}-input-files.xcfilelist",
			);
			name = "[CP] Embed Pods Frameworks";
			outputFileListPaths = (
				"${PODS_ROOT}/Target Support Files/Pods-tutorial/Pods-tutorial-frameworks-${CONFIGURATION}-output-files.xcfilelist",
			);
			runOnlyForDeploymentPostprocessing = 0;
			shellPath = /bin/sh;
			shellScript = "\"${PODS_ROOT}/Target Support Files/Pods-tutorial/Pods-tutorial-frameworks.sh\"\n";
			showEnvVarsInLog = 0;
		};
		C3EF60CA5CF6F4A59DD08719 /* [CP] Check Pods Manifest.lock */ = {
			isa = PBXShellScriptBuildPhase;
			buildActionMask = 2147483647;
			files = (
			);
			inputFileListPaths = (
			);
			inputPaths = (
				"${PODS_PODFILE_DIR_PATH}/Podfile.lock",
				"${PODS_ROOT}/Manifest.lock",
			);
			name = "[CP] Check Pods Manifest.lock";
			outputFileListPaths = (
			);
			outputPaths = (
				"$(DERIVED_FILE_DIR)/Pods-tutorial-checkManifestLockResult.txt",
			);
			runOnlyForDeploymentPostprocessing = 0;
			shellPath = /bin/sh;
			shellScript = "diff \"${PODS_PODFILE_DIR_PATH}/Podfile.lock\" \"${PODS_ROOT}/Manifest.lock\" > /dev/null\nif [ $? != 0 ] ; then\n    # print error to STDERR\n    echo \"error: The sandbox is not in sync with the Podfile.lock. Run 'pod install' or update your CocoaPods installation.\" >&2\n    exit 1\nfi\n# This output is used by Xcode 'outputs' to avoid re-running this script phase.\necho \"SUCCESS\" > \"${SCRIPT_OUTPUT_FILE_0}\"\n";
			showEnvVarsInLog = 0;
		};
/* End PBXShellScriptBuildPhase section */

/* Begin PBXSourcesBuildPhase section */
		43ABD6A4253046CE00C61C97 /* Sources */ = {
			isa = PBXSourcesBuildPhase;
			buildActionMask = 2147483647;
			files = (
				43ABD6B0253046CE00C61C97 /* ViewController.swift in Sources */,
				43ABD6AC253046CE00C61C97 /* AppDelegate.swift in Sources */,
				43ABD6AE253046CE00C61C97 /* SceneDelegate.swift in Sources */,
			);
			runOnlyForDeploymentPostprocessing = 0;
		};
/* End PBXSourcesBuildPhase section */

/* Begin PBXVariantGroup section */
		43ABD6B1253046CE00C61C97 /* Main.storyboard */ = {
			isa = PBXVariantGroup;
			children = (
				43ABD6B2253046CE00C61C97 /* Base */,
			);
			name = Main.storyboard;
			sourceTree = "<group>";
		};
		43ABD6B6253046D100C61C97 /* LaunchScreen.storyboard */ = {
			isa = PBXVariantGroup;
			children = (
				43ABD6B7253046D100C61C97 /* Base */,
			);
			name = LaunchScreen.storyboard;
			sourceTree = "<group>";
		};
/* End PBXVariantGroup section */

/* Begin XCBuildConfiguration section */
		43ABD6BA253046D100C61C97 /* Debug */ = {
			isa = XCBuildConfiguration;
			buildSettings = {
				ALWAYS_SEARCH_USER_PATHS = NO;
				CLANG_ANALYZER_NONNULL = YES;
				CLANG_ANALYZER_NUMBER_OBJECT_CONVERSION = YES_AGGRESSIVE;
				CLANG_CXX_LANGUAGE_STANDARD = "gnu++14";
				CLANG_CXX_LIBRARY = "libc++";
				CLANG_ENABLE_MODULES = YES;
				CLANG_ENABLE_OBJC_ARC = YES;
				CLANG_ENABLE_OBJC_WEAK = YES;
				CLANG_WARN_BLOCK_CAPTURE_AUTORELEASING = YES;
				CLANG_WARN_BOOL_CONVERSION = YES;
				CLANG_WARN_COMMA = YES;
				CLANG_WARN_CONSTANT_CONVERSION = YES;
				CLANG_WARN_DEPRECATED_OBJC_IMPLEMENTATIONS = YES;
				CLANG_WARN_DIRECT_OBJC_ISA_USAGE = YES_ERROR;
				CLANG_WARN_DOCUMENTATION_COMMENTS = YES;
				CLANG_WARN_EMPTY_BODY = YES;
				CLANG_WARN_ENUM_CONVERSION = YES;
				CLANG_WARN_INFINITE_RECURSION = YES;
				CLANG_WARN_INT_CONVERSION = YES;
				CLANG_WARN_NON_LITERAL_NULL_CONVERSION = YES;
				CLANG_WARN_OBJC_IMPLICIT_RETAIN_SELF = YES;
				CLANG_WARN_OBJC_LITERAL_CONVERSION = YES;
				CLANG_WARN_OBJC_ROOT_CLASS = YES_ERROR;
				CLANG_WARN_QUOTED_INCLUDE_IN_FRAMEWORK_HEADER = YES;
				CLANG_WARN_RANGE_LOOP_ANALYSIS = YES;
				CLANG_WARN_STRICT_PROTOTYPES = YES;
				CLANG_WARN_SUSPICIOUS_MOVE = YES;
				CLANG_WARN_UNGUARDED_AVAILABILITY = YES_AGGRESSIVE;
				CLANG_WARN_UNREACHABLE_CODE = YES;
				CLANG_WARN__DUPLICATE_METHOD_MATCH = YES;
				COPY_PHASE_STRIP = NO;
				DEBUG_INFORMATION_FORMAT = dwarf;
				ENABLE_STRICT_OBJC_MSGSEND = YES;
				ENABLE_TESTABILITY = YES;
				GCC_C_LANGUAGE_STANDARD = gnu11;
				GCC_DYNAMIC_NO_PIC = NO;
				GCC_NO_COMMON_BLOCKS = YES;
				GCC_OPTIMIZATION_LEVEL = 0;
				GCC_PREPROCESSOR_DEFINITIONS = (
					"DEBUG=1",
					"$(inherited)",
				);
				GCC_WARN_64_TO_32_BIT_CONVERSION = YES;
				GCC_WARN_ABOUT_RETURN_TYPE = YES_ERROR;
				GCC_WARN_UNDECLARED_SELECTOR = YES;
				GCC_WARN_UNINITIALIZED_AUTOS = YES_AGGRESSIVE;
				GCC_WARN_UNUSED_FUNCTION = YES;
				GCC_WARN_UNUSED_VARIABLE = YES;
				IPHONEOS_DEPLOYMENT_TARGET = 14.0;
				MTL_ENABLE_DEBUG_INFO = INCLUDE_SOURCE;
				MTL_FAST_MATH = YES;
				ONLY_ACTIVE_ARCH = YES;
				SDKROOT = iphoneos;
				SWIFT_ACTIVE_COMPILATION_CONDITIONS = DEBUG;
				SWIFT_OPTIMIZATION_LEVEL = "-Onone";
			};
			name = Debug;
		};
		43ABD6BB253046D100C61C97 /* Release */ = {
			isa = XCBuildConfiguration;
			buildSettings = {
				ALWAYS_SEARCH_USER_PATHS = NO;
				CLANG_ANALYZER_NONNULL = YES;
				CLANG_ANALYZER_NUMBER_OBJECT_CONVERSION = YES_AGGRESSIVE;
				CLANG_CXX_LANGUAGE_STANDARD = "gnu++14";
				CLANG_CXX_LIBRARY = "libc++";
				CLANG_ENABLE_MODULES = YES;
				CLANG_ENABLE_OBJC_ARC = YES;
				CLANG_ENABLE_OBJC_WEAK = YES;
				CLANG_WARN_BLOCK_CAPTURE_AUTORELEASING = YES;
				CLANG_WARN_BOOL_CONVERSION = YES;
				CLANG_WARN_COMMA = YES;
				CLANG_WARN_CONSTANT_CONVERSION = YES;
				CLANG_WARN_DEPRECATED_OBJC_IMPLEMENTATIONS = YES;
				CLANG_WARN_DIRECT_OBJC_ISA_USAGE = YES_ERROR;
				CLANG_WARN_DOCUMENTATION_COMMENTS = YES;
				CLANG_WARN_EMPTY_BODY = YES;
				CLANG_WARN_ENUM_CONVERSION = YES;
				CLANG_WARN_INFINITE_RECURSION = YES;
				CLANG_WARN_INT_CONVERSION = YES;
				CLANG_WARN_NON_LITERAL_NULL_CONVERSION = YES;
				CLANG_WARN_OBJC_IMPLICIT_RETAIN_SELF = YES;
				CLANG_WARN_OBJC_LITERAL_CONVERSION = YES;
				CLANG_WARN_OBJC_ROOT_CLASS = YES_ERROR;
				CLANG_WARN_QUOTED_INCLUDE_IN_FRAMEWORK_HEADER = YES;
				CLANG_WARN_RANGE_LOOP_ANALYSIS = YES;
				CLANG_WARN_STRICT_PROTOTYPES = YES;
				CLANG_WARN_SUSPICIOUS_MOVE = YES;
				CLANG_WARN_UNGUARDED_AVAILABILITY = YES_AGGRESSIVE;
				CLANG_WARN_UNREACHABLE_CODE = YES;
				CLANG_WARN__DUPLICATE_METHOD_MATCH = YES;
				COPY_PHASE_STRIP = NO;
				DEBUG_INFORMATION_FORMAT = "dwarf-with-dsym";
				ENABLE_NS_ASSERTIONS = NO;
				ENABLE_STRICT_OBJC_MSGSEND = YES;
				GCC_C_LANGUAGE_STANDARD = gnu11;
				GCC_NO_COMMON_BLOCKS = YES;
				GCC_WARN_64_TO_32_BIT_CONVERSION = YES;
				GCC_WARN_ABOUT_RETURN_TYPE = YES_ERROR;
				GCC_WARN_UNDECLARED_SELECTOR = YES;
				GCC_WARN_UNINITIALIZED_AUTOS = YES_AGGRESSIVE;
				GCC_WARN_UNUSED_FUNCTION = YES;
				GCC_WARN_UNUSED_VARIABLE = YES;
				IPHONEOS_DEPLOYMENT_TARGET = 14.0;
				MTL_ENABLE_DEBUG_INFO = NO;
				MTL_FAST_MATH = YES;
				SDKROOT = iphoneos;
				SWIFT_COMPILATION_MODE = wholemodule;
				SWIFT_OPTIMIZATION_LEVEL = "-O";
				VALIDATE_PRODUCT = YES;
			};
			name = Release;
		};
		43ABD6BD253046D100C61C97 /* Debug */ = {
			isa = XCBuildConfiguration;
			baseConfigurationReference = B5D1FBED65FC5897DC34E4FC /* Pods-tutorial.debug.xcconfig */;
			buildSettings = {
				ASSETCATALOG_COMPILER_APPICON_NAME = AppIcon;
				ASSETCATALOG_COMPILER_GLOBAL_ACCENT_COLOR_NAME = AccentColor;
				CODE_SIGN_IDENTITY = "Apple Development";
				CODE_SIGN_STYLE = Automatic;
				DEVELOPMENT_TEAM = 75J7TVGUG8;
				GCC_OPTIMIZATION_LEVEL = fast;
				INFOPLIST_FILE = tutorial/Info.plist;
				IPHONEOS_DEPLOYMENT_TARGET = 13.0;
				LD_RUNPATH_SEARCH_PATHS = (
					"$(inherited)",
					"@executable_path/Frameworks",
				);
				PRODUCT_BUNDLE_IDENTIFIER = Tutorial.tutorial.test1;
				PRODUCT_NAME = "$(TARGET_NAME)";
				PROVISIONING_PROFILE_SPECIFIER = "";
				SWIFT_VERSION = 5.0;
				TARGETED_DEVICE_FAMILY = "1,2";
			};
			name = Debug;
		};
		43ABD6BE253046D100C61C97 /* Release */ = {
			isa = XCBuildConfiguration;
			baseConfigurationReference = AD704EA7E3D2B47704282F2D /* Pods-tutorial.release.xcconfig */;
			buildSettings = {
				ASSETCATALOG_COMPILER_APPICON_NAME = AppIcon;
				ASSETCATALOG_COMPILER_GLOBAL_ACCENT_COLOR_NAME = AccentColor;
				CODE_SIGN_STYLE = Automatic;
				DEVELOPMENT_TEAM = 75J7TVGUG8;
				GCC_OPTIMIZATION_LEVEL = fast;
				INFOPLIST_FILE = tutorial/Info.plist;
				IPHONEOS_DEPLOYMENT_TARGET = 13.0;
				LD_RUNPATH_SEARCH_PATHS = (
					"$(inherited)",
					"@executable_path/Frameworks",
				);
				PRODUCT_BUNDLE_IDENTIFIER = Tutorial.tutorial.test1;
				PRODUCT_NAME = "$(TARGET_NAME)";
				SWIFT_VERSION = 5.0;
				TARGETED_DEVICE_FAMILY = "1,2";
			};
			name = Release;
		};
/* End XCBuildConfiguration section */

/* Begin XCConfigurationList section */
		43ABD6A3253046CE00C61C97 /* Build configuration list for PBXProject "tutorial" */ = {
			isa = XCConfigurationList;
			buildConfigurations = (
				43ABD6BA253046D100C61C97 /* Debug */,
				43ABD6BB253046D100C61C97 /* Release */,
			);
			defaultConfigurationIsVisible = 0;
			defaultConfigurationName = Release;
		};
		43ABD6BC253046D100C61C97 /* Build configuration list for PBXNativeTarget "tutorial" */ = {
			isa = XCConfigurationList;
			buildConfigurations = (
				43ABD6BD253046D100C61C97 /* Debug */,
				43ABD6BE253046D100C61C97 /* Release */,
			);
			defaultConfigurationIsVisible = 0;
			defaultConfigurationName = Release;
		};
/* End XCConfigurationList section */
	};
	rootObject = 43ABD6A0253046CE00C61C97 /* Project object */;
}
