// !$*UTF8*$!
{
	archiveVersion = 1;
	classes = {
	};
	objectVersion = 50;
	objects = {

/* Begin PBXBuildFile section */
		43CD545924B4881300AD95D7 /* AppDelegate.swift in Sources */ = {isa = PBXBuildFile; fileRef = 43CD545824B4881300AD95D7 /* AppDelegate.swift */; };
		43CD545B24B4881300AD95D7 /* SceneDelegate.swift in Sources */ = {isa = PBXBuildFile; fileRef = 43CD545A24B4881300AD95D7 /* SceneDelegate.swift */; };
		43CD545D24B4881300AD95D7 /* ViewController.swift in Sources */ = {isa = PBXBuildFile; fileRef = 43CD545C24B4881300AD95D7 /* ViewController.swift */; };
		43CD546024B4881300AD95D7 /* Main.storyboard in Resources */ = {isa = PBXBuildFile; fileRef = 43CD545E24B4881300AD95D7 /* Main.storyboard */; };
		43CD546224B4881500AD95D7 /* Assets.xcassets in Resources */ = {isa = PBXBuildFile; fileRef = 43CD546124B4881500AD95D7 /* Assets.xcassets */; };
		43CD546524B4881500AD95D7 /* LaunchScreen.storyboard in Resources */ = {isa = PBXBuildFile; fileRef = 43CD546324B4881500AD95D7 /* LaunchScreen.storyboard */; };
		43CD547024B4881500AD95D7 /* Example3UITests.swift in Sources */ = {isa = PBXBuildFile; fileRef = 43CD546F24B4881500AD95D7 /* Example3UITests.swift */; };
		43CD54CB24B4883B00AD95D7 /* HKUITLTD_PoseEstim_Framework.framework in Frameworks */ = {isa = PBXBuildFile; fileRef = 43CD54CA24B4883600AD95D7 /* HKUITLTD_PoseEstim_Framework.framework */; };
		43CD54CC24B4883B00AD95D7 /* HKUITLTD_PoseEstim_Framework.framework in Embed Frameworks */ = {isa = PBXBuildFile; fileRef = 43CD54CA24B4883600AD95D7 /* HKUITLTD_PoseEstim_Framework.framework */; settings = {ATTRIBUTES = (CodeSignOnCopy, RemoveHeadersOnCopy, ); }; };
/* End PBXBuildFile section */

/* Begin PBXContainerItemProxy section */
		43CD546C24B4881500AD95D7 /* PBXContainerItemProxy */ = {
			isa = PBXContainerItemProxy;
			containerPortal = 43CD544D24B4881300AD95D7 /* Project object */;
			proxyType = 1;
			remoteGlobalIDString = 43CD545424B4881300AD95D7;
			remoteInfo = Example3;
		};
		43CD54C924B4883600AD95D7 /* PBXContainerItemProxy */ = {
			isa = PBXContainerItemProxy;
			containerPortal = 43CD54C524B4883600AD95D7 /* HKUITLTD_PoseEstim_Framework.xcodeproj */;
			proxyType = 2;
			remoteGlobalIDString = 4358BFE024738DA2008B4656;
			remoteInfo = HKUITLTD_PoseEstim_Framework;
		};
/* End PBXContainerItemProxy section */

/* Begin PBXCopyFilesBuildPhase section */
		43CD54CD24B4883B00AD95D7 /* Embed Frameworks */ = {
			isa = PBXCopyFilesBuildPhase;
			buildActionMask = 2147483647;
			dstPath = "";
			dstSubfolderSpec = 10;
			files = (
				43CD54CC24B4883B00AD95D7 /* HKUITLTD_PoseEstim_Framework.framework in Embed Frameworks */,
			);
			name = "Embed Frameworks";
			runOnlyForDeploymentPostprocessing = 0;
		};
/* End PBXCopyFilesBuildPhase section */

/* Begin PBXFileReference section */
		43CD545524B4881300AD95D7 /* Example3.app */ = {isa = PBXFileReference; explicitFileType = wrapper.application; includeInIndex = 0; path = Example3.app; sourceTree = BUILT_PRODUCTS_DIR; };
		43CD545824B4881300AD95D7 /* AppDelegate.swift */ = {isa = PBXFileReference; lastKnownFileType = sourcecode.swift; path = AppDelegate.swift; sourceTree = "<group>"; };
		43CD545A24B4881300AD95D7 /* SceneDelegate.swift */ = {isa = PBXFileReference; lastKnownFileType = sourcecode.swift; path = SceneDelegate.swift; sourceTree = "<group>"; };
		43CD545C24B4881300AD95D7 /* ViewController.swift */ = {isa = PBXFileReference; lastKnownFileType = sourcecode.swift; path = ViewController.swift; sourceTree = "<group>"; };
		43CD545F24B4881300AD95D7 /* Base */ = {isa = PBXFileReference; lastKnownFileType = file.storyboard; name = Base; path = Base.lproj/Main.storyboard; sourceTree = "<group>"; };
		43CD546124B4881500AD95D7 /* Assets.xcassets */ = {isa = PBXFileReference; lastKnownFileType = folder.assetcatalog; path = Assets.xcassets; sourceTree = "<group>"; };
		43CD546424B4881500AD95D7 /* Base */ = {isa = PBXFileReference; lastKnownFileType = file.storyboard; name = Base; path = Base.lproj/LaunchScreen.storyboard; sourceTree = "<group>"; };
		43CD546624B4881500AD95D7 /* Info.plist */ = {isa = PBXFileReference; lastKnownFileType = text.plist.xml; path = Info.plist; sourceTree = "<group>"; };
		43CD546B24B4881500AD95D7 /* Example3UITests.xctest */ = {isa = PBXFileReference; explicitFileType = wrapper.cfbundle; includeInIndex = 0; path = Example3UITests.xctest; sourceTree = BUILT_PRODUCTS_DIR; };
		43CD546F24B4881500AD95D7 /* Example3UITests.swift */ = {isa = PBXFileReference; lastKnownFileType = sourcecode.swift; path = Example3UITests.swift; sourceTree = "<group>"; };
		43CD547124B4881500AD95D7 /* Info.plist */ = {isa = PBXFileReference; lastKnownFileType = text.plist.xml; path = Info.plist; sourceTree = "<group>"; };
		43CD547E24B4883600AD95D7 /* Constants.swift */ = {isa = PBXFileReference; lastKnownFileType = sourcecode.swift; path = Constants.swift; sourceTree = "<group>"; };
		43CD547F24B4883600AD95D7 /* tfModel.swift */ = {isa = PBXFileReference; lastKnownFileType = sourcecode.swift; path = tfModel.swift; sourceTree = "<group>"; };
		43CD548024B4883600AD95D7 /* DeviceType.swift */ = {isa = PBXFileReference; lastKnownFileType = sourcecode.swift; path = DeviceType.swift; sourceTree = "<group>"; };
		43CD548224B4883600AD95D7 /* RunThisModel.swift */ = {isa = PBXFileReference; lastKnownFileType = sourcecode.swift; path = RunThisModel.swift; sourceTree = "<group>"; };
		43CD548424B4883600AD95D7 /* PoseAnalyzer.swift */ = {isa = PBXFileReference; lastKnownFileType = sourcecode.swift; path = PoseAnalyzer.swift; sourceTree = "<group>"; };
		43CD548624B4883600AD95D7 /* LICENSE */ = {isa = PBXFileReference; lastKnownFileType = text; path = LICENSE; sourceTree = "<group>"; };
		43CD548724B4883600AD95D7 /* README.md */ = {isa = PBXFileReference; lastKnownFileType = net.daringfireball.markdown; path = README.md; sourceTree = "<group>"; };
		43CD548D24B4883600AD95D7 /* QuantizationParameters.swift */ = {isa = PBXFileReference; lastKnownFileType = sourcecode.swift; path = QuantizationParameters.swift; sourceTree = "<group>"; };
		43CD548E24B4883600AD95D7 /* Model.swift */ = {isa = PBXFileReference; lastKnownFileType = sourcecode.swift; path = Model.swift; sourceTree = "<group>"; };
		43CD548F24B4883600AD95D7 /* Tensor.swift */ = {isa = PBXFileReference; lastKnownFileType = sourcecode.swift; path = Tensor.swift; sourceTree = "<group>"; };
		43CD549024B4883600AD95D7 /* TensorFlowLite.swift */ = {isa = PBXFileReference; lastKnownFileType = sourcecode.swift; path = TensorFlowLite.swift; sourceTree = "<group>"; };
		43CD549124B4883600AD95D7 /* Delegate.swift */ = {isa = PBXFileReference; lastKnownFileType = sourcecode.swift; path = Delegate.swift; sourceTree = "<group>"; };
		43CD549224B4883600AD95D7 /* InterpreterError.swift */ = {isa = PBXFileReference; lastKnownFileType = sourcecode.swift; path = InterpreterError.swift; sourceTree = "<group>"; };
		43CD549324B4883600AD95D7 /* CoreMLDelegate.swift */ = {isa = PBXFileReference; lastKnownFileType = sourcecode.swift; path = CoreMLDelegate.swift; sourceTree = "<group>"; };
		43CD549424B4883600AD95D7 /* Interpreter.swift */ = {isa = PBXFileReference; lastKnownFileType = sourcecode.swift; path = Interpreter.swift; sourceTree = "<group>"; };
		43CD549524B4883600AD95D7 /* MetalDelegate.swift */ = {isa = PBXFileReference; lastKnownFileType = sourcecode.swift; path = MetalDelegate.swift; sourceTree = "<group>"; };
		43CD549624B4883600AD95D7 /* HKUITLTD_PoseEstim_Framework.h */ = {isa = PBXFileReference; lastKnownFileType = sourcecode.c.h; path = HKUITLTD_PoseEstim_Framework.h; sourceTree = "<group>"; };
		43CD549824B4883600AD95D7 /* ModelAnalyzer.swift */ = {isa = PBXFileReference; lastKnownFileType = sourcecode.swift; path = ModelAnalyzer.swift; sourceTree = "<group>"; };
		43CD549A24B4883600AD95D7 /* CalAngleDist.swift */ = {isa = PBXFileReference; lastKnownFileType = sourcecode.swift; path = CalAngleDist.swift; sourceTree = "<group>"; };
		43CD549B24B4883600AD95D7 /* ResultToArray.swift */ = {isa = PBXFileReference; lastKnownFileType = sourcecode.swift; path = ResultToArray.swift; sourceTree = "<group>"; };
		43CD549C24B4883600AD95D7 /* DrawResult.swift */ = {isa = PBXFileReference; lastKnownFileType = sourcecode.swift; path = DrawResult.swift; sourceTree = "<group>"; };
		43CD549D24B4883600AD95D7 /* GetCGRect.swift */ = {isa = PBXFileReference; lastKnownFileType = sourcecode.swift; path = GetCGRect.swift; sourceTree = "<group>"; };
		43CD549E24B4883600AD95D7 /* CommentOfPose.swift */ = {isa = PBXFileReference; lastKnownFileType = sourcecode.swift; path = CommentOfPose.swift; sourceTree = "<group>"; };
		43CD54A024B4883600AD95D7 /* TimeResult.swift */ = {isa = PBXFileReference; lastKnownFileType = sourcecode.swift; path = TimeResult.swift; sourceTree = "<group>"; };
		43CD54A124B4883600AD95D7 /* Keypoint.swift */ = {isa = PBXFileReference; lastKnownFileType = sourcecode.swift; path = Keypoint.swift; sourceTree = "<group>"; };
		43CD54A224B4883600AD95D7 /* BodyPart.swift */ = {isa = PBXFileReference; lastKnownFileType = sourcecode.swift; path = BodyPart.swift; sourceTree = "<group>"; };
		43CD54A324B4883600AD95D7 /* Line.swift */ = {isa = PBXFileReference; lastKnownFileType = sourcecode.swift; path = Line.swift; sourceTree = "<group>"; };
		43CD54A524B4883600AD95D7 /* CGSizeExtension.swift */ = {isa = PBXFileReference; lastKnownFileType = sourcecode.swift; path = CGSizeExtension.swift; sourceTree = "<group>"; };
		43CD54A624B4883600AD95D7 /* CVPixelBufferExtension.swift */ = {isa = PBXFileReference; lastKnownFileType = sourcecode.swift; path = CVPixelBufferExtension.swift; sourceTree = "<group>"; };
		43CD54A724B4883600AD95D7 /* TFLiteExtension.swift */ = {isa = PBXFileReference; lastKnownFileType = sourcecode.swift; path = TFLiteExtension.swift; sourceTree = "<group>"; };
		43CD54A924B4883600AD95D7 /* posenet_mobilenet_v1_100_257x257_multi_kpt_stripped.tflite */ = {isa = PBXFileReference; lastKnownFileType = file; path = posenet_mobilenet_v1_100_257x257_multi_kpt_stripped.tflite; sourceTree = "<group>"; };
		43CD54AA24B4883600AD95D7 /* mobilnetv2False2020-05-11-12-17-45.tflite */ = {isa = PBXFileReference; lastKnownFileType = file; path = "mobilnetv2False2020-05-11-12-17-45.tflite"; sourceTree = "<group>"; };
		43CD54AE24B4883600AD95D7 /* TensorFlowLiteC.framework */ = {isa = PBXFileReference; lastKnownFileType = wrapper.framework; path = TensorFlowLiteC.framework; sourceTree = "<group>"; };
		43CD54B024B4883600AD95D7 /* OverlayView.swift */ = {isa = PBXFileReference; lastKnownFileType = sourcecode.swift; path = OverlayView.swift; sourceTree = "<group>"; };
		43CD54B124B4883600AD95D7 /* Info.plist */ = {isa = PBXFileReference; lastKnownFileType = text.plist.xml; path = Info.plist; sourceTree = "<group>"; };
		43CD54B324B4883600AD95D7 /* Halasana.swift */ = {isa = PBXFileReference; lastKnownFileType = sourcecode.swift; path = Halasana.swift; sourceTree = "<group>"; };
		43CD54B424B4883600AD95D7 /* PurnaShalabhasana.swift */ = {isa = PBXFileReference; lastKnownFileType = sourcecode.swift; path = PurnaShalabhasana.swift; sourceTree = "<group>"; };
		43CD54B524B4883600AD95D7 /* CaturangaDandasana.swift */ = {isa = PBXFileReference; lastKnownFileType = sourcecode.swift; path = CaturangaDandasana.swift; sourceTree = "<group>"; };
		43CD54B624B4883600AD95D7 /* UrdhvaDhanurasana.swift */ = {isa = PBXFileReference; lastKnownFileType = sourcecode.swift; path = UrdhvaDhanurasana.swift; sourceTree = "<group>"; };
		43CD54B724B4883600AD95D7 /* Ustrasana.swift */ = {isa = PBXFileReference; lastKnownFileType = sourcecode.swift; path = Ustrasana.swift; sourceTree = "<group>"; };
		43CD54B824B4883600AD95D7 /* Dandasana.swift */ = {isa = PBXFileReference; lastKnownFileType = sourcecode.swift; path = Dandasana.swift; sourceTree = "<group>"; };
		43CD54B924B4883600AD95D7 /* ParivrttaTrikonasana.swift */ = {isa = PBXFileReference; lastKnownFileType = sourcecode.swift; path = ParivrttaTrikonasana.swift; sourceTree = "<group>"; };
		43CD54BA24B4883600AD95D7 /* Pose.swift */ = {isa = PBXFileReference; lastKnownFileType = sourcecode.swift; path = Pose.swift; sourceTree = "<group>"; };
		43CD54BB24B4883600AD95D7 /* Natarajasana.swift */ = {isa = PBXFileReference; lastKnownFileType = sourcecode.swift; path = Natarajasana.swift; sourceTree = "<group>"; };
		43CD54BC24B4883600AD95D7 /* ArdhaUttanasana.swift */ = {isa = PBXFileReference; lastKnownFileType = sourcecode.swift; path = ArdhaUttanasana.swift; sourceTree = "<group>"; };
		43CD54BD24B4883600AD95D7 /* Vrkshasana.swift */ = {isa = PBXFileReference; lastKnownFileType = sourcecode.swift; path = Vrkshasana.swift; sourceTree = "<group>"; };
		43CD54BE24B4883600AD95D7 /* Navasana.swift */ = {isa = PBXFileReference; lastKnownFileType = sourcecode.swift; path = Navasana.swift; sourceTree = "<group>"; };
		43CD54BF24B4883600AD95D7 /* ParivrttaPashvakonasana.swift */ = {isa = PBXFileReference; lastKnownFileType = sourcecode.swift; path = ParivrttaPashvakonasana.swift; sourceTree = "<group>"; };
		43CD54C024B4883600AD95D7 /* UttanaPadasana.swift */ = {isa = PBXFileReference; lastKnownFileType = sourcecode.swift; path = UttanaPadasana.swift; sourceTree = "<group>"; };
		43CD54C124B4883600AD95D7 /* Bujangasana.swift */ = {isa = PBXFileReference; lastKnownFileType = sourcecode.swift; path = Bujangasana.swift; sourceTree = "<group>"; };
		43CD54C324B4883600AD95D7 /* PreviewView.swift */ = {isa = PBXFileReference; lastKnownFileType = sourcecode.swift; path = PreviewView.swift; sourceTree = "<group>"; };
		43CD54C424B4883600AD95D7 /* CameraFeedManager.swift */ = {isa = PBXFileReference; lastKnownFileType = sourcecode.swift; path = CameraFeedManager.swift; sourceTree = "<group>"; };
		43CD54C524B4883600AD95D7 /* HKUITLTD_PoseEstim_Framework.xcodeproj */ = {isa = PBXFileReference; lastKnownFileType = "wrapper.pb-project"; path = HKUITLTD_PoseEstim_Framework.xcodeproj; sourceTree = "<group>"; };
/* End PBXFileReference section */

/* Begin PBXFrameworksBuildPhase section */
		43CD545224B4881300AD95D7 /* Frameworks */ = {
			isa = PBXFrameworksBuildPhase;
			buildActionMask = 2147483647;
			files = (
				43CD54CB24B4883B00AD95D7 /* HKUITLTD_PoseEstim_Framework.framework in Frameworks */,
			);
			runOnlyForDeploymentPostprocessing = 0;
		};
		43CD546824B4881500AD95D7 /* Frameworks */ = {
			isa = PBXFrameworksBuildPhase;
			buildActionMask = 2147483647;
			files = (
			);
			runOnlyForDeploymentPostprocessing = 0;
		};
/* End PBXFrameworksBuildPhase section */

/* Begin PBXGroup section */
		43CD544C24B4881300AD95D7 = {
			isa = PBXGroup;
			children = (
				43CD545724B4881300AD95D7 /* Example3 */,
				43CD546E24B4881500AD95D7 /* Example3UITests */,
				43CD545624B4881300AD95D7 /* Products */,
				43CD547A24B4883600AD95D7 /* Frameworks */,
			);
			sourceTree = "<group>";
		};
		43CD545624B4881300AD95D7 /* Products */ = {
			isa = PBXGroup;
			children = (
				43CD545524B4881300AD95D7 /* Example3.app */,
				43CD546B24B4881500AD95D7 /* Example3UITests.xctest */,
			);
			name = Products;
			sourceTree = "<group>";
		};
		43CD545724B4881300AD95D7 /* Example3 */ = {
			isa = PBXGroup;
			children = (
				43CD545824B4881300AD95D7 /* AppDelegate.swift */,
				43CD545A24B4881300AD95D7 /* SceneDelegate.swift */,
				43CD545C24B4881300AD95D7 /* ViewController.swift */,
				43CD545E24B4881300AD95D7 /* Main.storyboard */,
				43CD546124B4881500AD95D7 /* Assets.xcassets */,
				43CD546324B4881500AD95D7 /* LaunchScreen.storyboard */,
				43CD546624B4881500AD95D7 /* Info.plist */,
			);
			path = Example3;
			sourceTree = "<group>";
		};
		43CD546E24B4881500AD95D7 /* Example3UITests */ = {
			isa = PBXGroup;
			children = (
				43CD546F24B4881500AD95D7 /* Example3UITests.swift */,
				43CD547124B4881500AD95D7 /* Info.plist */,
			);
			path = Example3UITests;
			sourceTree = "<group>";
		};
		43CD547A24B4883600AD95D7 /* Frameworks */ = {
			isa = PBXGroup;
			children = (
				43CD547B24B4883600AD95D7 /* HKUITLTD_PoseEstim_Framework_beta_3 */,
			);
			name = Frameworks;
			sourceTree = "<group>";
		};
		43CD547B24B4883600AD95D7 /* HKUITLTD_PoseEstim_Framework_beta_3 */ = {
			isa = PBXGroup;
			children = (
				43CD547C24B4883600AD95D7 /* HKUITLTD_PoseEstim_Framework */,
				43CD54C524B4883600AD95D7 /* HKUITLTD_PoseEstim_Framework.xcodeproj */,
			);
			name = HKUITLTD_PoseEstim_Framework_beta_3;
			path = ../HKUITLTD_PoseEstim_Framework_beta_3;
			sourceTree = "<group>";
		};
		43CD547C24B4883600AD95D7 /* HKUITLTD_PoseEstim_Framework */ = {
			isa = PBXGroup;
			children = (
				43CD547D24B4883600AD95D7 /* Settings */,
				43CD548124B4883600AD95D7 /* RunThisModel */,
				43CD548324B4883600AD95D7 /* PoseAnalyzer */,
				43CD548524B4883600AD95D7 /* TensorFlowLiteSwift */,
				43CD549624B4883600AD95D7 /* HKUITLTD_PoseEstim_Framework.h */,
				43CD549724B4883600AD95D7 /* ModelAnalyzer */,
				43CD549924B4883600AD95D7 /* Utils */,
				43CD549F24B4883600AD95D7 /* CustomObjects */,
				43CD54A424B4883600AD95D7 /* Extensions */,
				43CD54A824B4883600AD95D7 /* Model */,
				43CD54AB24B4883600AD95D7 /* RunModel */,
				43CD54AC24B4883600AD95D7 /* TensorFlowLiteC */,
				43CD54AF24B4883600AD95D7 /* Views */,
				43CD54B124B4883600AD95D7 /* Info.plist */,
				43CD54B224B4883600AD95D7 /* ScoreCalculator */,
				43CD54C224B4883600AD95D7 /* Camera Feed */,
			);
			path = HKUITLTD_PoseEstim_Framework;
			sourceTree = "<group>";
		};
		43CD547D24B4883600AD95D7 /* Settings */ = {
			isa = PBXGroup;
			children = (
				43CD547E24B4883600AD95D7 /* Constants.swift */,
				43CD547F24B4883600AD95D7 /* tfModel.swift */,
				43CD548024B4883600AD95D7 /* DeviceType.swift */,
			);
			path = Settings;
			sourceTree = "<group>";
		};
		43CD548124B4883600AD95D7 /* RunThisModel */ = {
			isa = PBXGroup;
			children = (
				43CD548224B4883600AD95D7 /* RunThisModel.swift */,
			);
			path = RunThisModel;
			sourceTree = "<group>";
		};
		43CD548324B4883600AD95D7 /* PoseAnalyzer */ = {
			isa = PBXGroup;
			children = (
				43CD548424B4883600AD95D7 /* PoseAnalyzer.swift */,
			);
			path = PoseAnalyzer;
			sourceTree = "<group>";
		};
		43CD548524B4883600AD95D7 /* TensorFlowLiteSwift */ = {
			isa = PBXGroup;
			children = (
				43CD548624B4883600AD95D7 /* LICENSE */,
				43CD548724B4883600AD95D7 /* README.md */,
				43CD548824B4883600AD95D7 /* tensorflow */,
			);
			path = TensorFlowLiteSwift;
			sourceTree = "<group>";
		};
		43CD548824B4883600AD95D7 /* tensorflow */ = {
			isa = PBXGroup;
			children = (
				43CD548924B4883600AD95D7 /* lite */,
			);
			path = tensorflow;
			sourceTree = "<group>";
		};
		43CD548924B4883600AD95D7 /* lite */ = {
			isa = PBXGroup;
			children = (
				43CD548A24B4883600AD95D7 /* experimental */,
			);
			path = lite;
			sourceTree = "<group>";
		};
		43CD548A24B4883600AD95D7 /* experimental */ = {
			isa = PBXGroup;
			children = (
				43CD548B24B4883600AD95D7 /* swift */,
			);
			path = experimental;
			sourceTree = "<group>";
		};
		43CD548B24B4883600AD95D7 /* swift */ = {
			isa = PBXGroup;
			children = (
				43CD548C24B4883600AD95D7 /* Sources */,
			);
			path = swift;
			sourceTree = "<group>";
		};
		43CD548C24B4883600AD95D7 /* Sources */ = {
			isa = PBXGroup;
			children = (
				43CD548D24B4883600AD95D7 /* QuantizationParameters.swift */,
				43CD548E24B4883600AD95D7 /* Model.swift */,
				43CD548F24B4883600AD95D7 /* Tensor.swift */,
				43CD549024B4883600AD95D7 /* TensorFlowLite.swift */,
				43CD549124B4883600AD95D7 /* Delegate.swift */,
				43CD549224B4883600AD95D7 /* InterpreterError.swift */,
				43CD549324B4883600AD95D7 /* CoreMLDelegate.swift */,
				43CD549424B4883600AD95D7 /* Interpreter.swift */,
				43CD549524B4883600AD95D7 /* MetalDelegate.swift */,
			);
			path = Sources;
			sourceTree = "<group>";
		};
		43CD549724B4883600AD95D7 /* ModelAnalyzer */ = {
			isa = PBXGroup;
			children = (
				43CD549824B4883600AD95D7 /* ModelAnalyzer.swift */,
			);
			path = ModelAnalyzer;
			sourceTree = "<group>";
		};
		43CD549924B4883600AD95D7 /* Utils */ = {
			isa = PBXGroup;
			children = (
				43CD549A24B4883600AD95D7 /* CalAngleDist.swift */,
				43CD549B24B4883600AD95D7 /* ResultToArray.swift */,
				43CD549C24B4883600AD95D7 /* DrawResult.swift */,
				43CD549D24B4883600AD95D7 /* GetCGRect.swift */,
				43CD549E24B4883600AD95D7 /* CommentOfPose.swift */,
			);
			path = Utils;
			sourceTree = "<group>";
		};
		43CD549F24B4883600AD95D7 /* CustomObjects */ = {
			isa = PBXGroup;
			children = (
				43CD54A024B4883600AD95D7 /* TimeResult.swift */,
				43CD54A124B4883600AD95D7 /* Keypoint.swift */,
				43CD54A224B4883600AD95D7 /* BodyPart.swift */,
				43CD54A324B4883600AD95D7 /* Line.swift */,
			);
			path = CustomObjects;
			sourceTree = "<group>";
		};
		43CD54A424B4883600AD95D7 /* Extensions */ = {
			isa = PBXGroup;
			children = (
				43CD54A524B4883600AD95D7 /* CGSizeExtension.swift */,
				43CD54A624B4883600AD95D7 /* CVPixelBufferExtension.swift */,
				43CD54A724B4883600AD95D7 /* TFLiteExtension.swift */,
			);
			path = Extensions;
			sourceTree = "<group>";
		};
		43CD54A824B4883600AD95D7 /* Model */ = {
			isa = PBXGroup;
			children = (
				43CD54A924B4883600AD95D7 /* posenet_mobilenet_v1_100_257x257_multi_kpt_stripped.tflite */,
				43CD54AA24B4883600AD95D7 /* mobilnetv2False2020-05-11-12-17-45.tflite */,
			);
			path = Model;
			sourceTree = "<group>";
		};
		43CD54AB24B4883600AD95D7 /* RunModel */ = {
			isa = PBXGroup;
			children = (
			);
			path = RunModel;
			sourceTree = "<group>";
		};
		43CD54AC24B4883600AD95D7 /* TensorFlowLiteC */ = {
			isa = PBXGroup;
			children = (
				43CD54AD24B4883600AD95D7 /* Frameworks */,
			);
			path = TensorFlowLiteC;
			sourceTree = "<group>";
		};
		43CD54AD24B4883600AD95D7 /* Frameworks */ = {
			isa = PBXGroup;
			children = (
				43CD54AE24B4883600AD95D7 /* TensorFlowLiteC.framework */,
			);
			path = Frameworks;
			sourceTree = "<group>";
		};
		43CD54AF24B4883600AD95D7 /* Views */ = {
			isa = PBXGroup;
			children = (
				43CD54B024B4883600AD95D7 /* OverlayView.swift */,
			);
			path = Views;
			sourceTree = "<group>";
		};
		43CD54B224B4883600AD95D7 /* ScoreCalculator */ = {
			isa = PBXGroup;
			children = (
				43CD54B324B4883600AD95D7 /* Halasana.swift */,
				43CD54B424B4883600AD95D7 /* PurnaShalabhasana.swift */,
				43CD54B524B4883600AD95D7 /* CaturangaDandasana.swift */,
				43CD54B624B4883600AD95D7 /* UrdhvaDhanurasana.swift */,
				43CD54B724B4883600AD95D7 /* Ustrasana.swift */,
				43CD54B824B4883600AD95D7 /* Dandasana.swift */,
				43CD54B924B4883600AD95D7 /* ParivrttaTrikonasana.swift */,
				43CD54BA24B4883600AD95D7 /* Pose.swift */,
				43CD54BB24B4883600AD95D7 /* Natarajasana.swift */,
				43CD54BC24B4883600AD95D7 /* ArdhaUttanasana.swift */,
				43CD54BD24B4883600AD95D7 /* Vrkshasana.swift */,
				43CD54BE24B4883600AD95D7 /* Navasana.swift */,
				43CD54BF24B4883600AD95D7 /* ParivrttaPashvakonasana.swift */,
				43CD54C024B4883600AD95D7 /* UttanaPadasana.swift */,
				43CD54C124B4883600AD95D7 /* Bujangasana.swift */,
			);
			path = ScoreCalculator;
			sourceTree = "<group>";
		};
		43CD54C224B4883600AD95D7 /* Camera Feed */ = {
			isa = PBXGroup;
			children = (
				43CD54C324B4883600AD95D7 /* PreviewView.swift */,
				43CD54C424B4883600AD95D7 /* CameraFeedManager.swift */,
			);
			path = "Camera Feed";
			sourceTree = "<group>";
		};
		43CD54C624B4883600AD95D7 /* Products */ = {
			isa = PBXGroup;
			children = (
				43CD54CA24B4883600AD95D7 /* HKUITLTD_PoseEstim_Framework.framework */,
			);
			name = Products;
			sourceTree = "<group>";
		};
/* End PBXGroup section */

/* Begin PBXNativeTarget section */
		43CD545424B4881300AD95D7 /* Example3 */ = {
			isa = PBXNativeTarget;
			buildConfigurationList = 43CD547424B4881500AD95D7 /* Build configuration list for PBXNativeTarget "Example3" */;
			buildPhases = (
				43CD545124B4881300AD95D7 /* Sources */,
				43CD545224B4881300AD95D7 /* Frameworks */,
				43CD545324B4881300AD95D7 /* Resources */,
				43CD54CD24B4883B00AD95D7 /* Embed Frameworks */,
			);
			buildRules = (
			);
			dependencies = (
			);
			name = Example3;
			productName = Example3;
			productReference = 43CD545524B4881300AD95D7 /* Example3.app */;
			productType = "com.apple.product-type.application";
		};
		43CD546A24B4881500AD95D7 /* Example3UITests */ = {
			isa = PBXNativeTarget;
			buildConfigurationList = 43CD547724B4881500AD95D7 /* Build configuration list for PBXNativeTarget "Example3UITests" */;
			buildPhases = (
				43CD546724B4881500AD95D7 /* Sources */,
				43CD546824B4881500AD95D7 /* Frameworks */,
				43CD546924B4881500AD95D7 /* Resources */,
			);
			buildRules = (
			);
			dependencies = (
				43CD546D24B4881500AD95D7 /* PBXTargetDependency */,
			);
			name = Example3UITests;
			productName = Example3UITests;
			productReference = 43CD546B24B4881500AD95D7 /* Example3UITests.xctest */;
			productType = "com.apple.product-type.bundle.ui-testing";
		};
/* End PBXNativeTarget section */

/* Begin PBXProject section */
		43CD544D24B4881300AD95D7 /* Project object */ = {
			isa = PBXProject;
			attributes = {
				LastSwiftUpdateCheck = 1150;
				LastUpgradeCheck = 1150;
				ORGANIZATIONNAME = "Hong Kong Univisual Intelligent Technology Limited";
				TargetAttributes = {
					43CD545424B4881300AD95D7 = {
						CreatedOnToolsVersion = 11.5;
					};
					43CD546A24B4881500AD95D7 = {
						CreatedOnToolsVersion = 11.5;
						TestTargetID = 43CD545424B4881300AD95D7;
					};
				};
			};
			buildConfigurationList = 43CD545024B4881300AD95D7 /* Build configuration list for PBXProject "Example3" */;
			compatibilityVersion = "Xcode 9.3";
			developmentRegion = en;
			hasScannedForEncodings = 0;
			knownRegions = (
				en,
				Base,
			);
			mainGroup = 43CD544C24B4881300AD95D7;
			productRefGroup = 43CD545624B4881300AD95D7 /* Products */;
			projectDirPath = "";
			projectReferences = (
				{
					ProductGroup = 43CD54C624B4883600AD95D7 /* Products */;
					ProjectRef = 43CD54C524B4883600AD95D7 /* HKUITLTD_PoseEstim_Framework.xcodeproj */;
				},
			);
			projectRoot = "";
			targets = (
				43CD545424B4881300AD95D7 /* Example3 */,
				43CD546A24B4881500AD95D7 /* Example3UITests */,
			);
		};
/* End PBXProject section */

/* Begin PBXReferenceProxy section */
		43CD54CA24B4883600AD95D7 /* HKUITLTD_PoseEstim_Framework.framework */ = {
			isa = PBXReferenceProxy;
			fileType = wrapper.framework;
			path = HKUITLTD_PoseEstim_Framework.framework;
			remoteRef = 43CD54C924B4883600AD95D7 /* PBXContainerItemProxy */;
			sourceTree = BUILT_PRODUCTS_DIR;
		};
/* End PBXReferenceProxy section */

/* Begin PBXResourcesBuildPhase section */
		43CD545324B4881300AD95D7 /* Resources */ = {
			isa = PBXResourcesBuildPhase;
			buildActionMask = 2147483647;
			files = (
				43CD546524B4881500AD95D7 /* LaunchScreen.storyboard in Resources */,
				43CD546224B4881500AD95D7 /* Assets.xcassets in Resources */,
				43CD546024B4881300AD95D7 /* Main.storyboard in Resources */,
			);
			runOnlyForDeploymentPostprocessing = 0;
		};
		43CD546924B4881500AD95D7 /* Resources */ = {
			isa = PBXResourcesBuildPhase;
			buildActionMask = 2147483647;
			files = (
			);
			runOnlyForDeploymentPostprocessing = 0;
		};
/* End PBXResourcesBuildPhase section */

/* Begin PBXSourcesBuildPhase section */
		43CD545124B4881300AD95D7 /* Sources */ = {
			isa = PBXSourcesBuildPhase;
			buildActionMask = 2147483647;
			files = (
				43CD545D24B4881300AD95D7 /* ViewController.swift in Sources */,
				43CD545924B4881300AD95D7 /* AppDelegate.swift in Sources */,
				43CD545B24B4881300AD95D7 /* SceneDelegate.swift in Sources */,
			);
			runOnlyForDeploymentPostprocessing = 0;
		};
		43CD546724B4881500AD95D7 /* Sources */ = {
			isa = PBXSourcesBuildPhase;
			buildActionMask = 2147483647;
			files = (
				43CD547024B4881500AD95D7 /* Example3UITests.swift in Sources */,
			);
			runOnlyForDeploymentPostprocessing = 0;
		};
/* End PBXSourcesBuildPhase section */

/* Begin PBXTargetDependency section */
		43CD546D24B4881500AD95D7 /* PBXTargetDependency */ = {
			isa = PBXTargetDependency;
			target = 43CD545424B4881300AD95D7 /* Example3 */;
			targetProxy = 43CD546C24B4881500AD95D7 /* PBXContainerItemProxy */;
		};
/* End PBXTargetDependency section */

/* Begin PBXVariantGroup section */
		43CD545E24B4881300AD95D7 /* Main.storyboard */ = {
			isa = PBXVariantGroup;
			children = (
				43CD545F24B4881300AD95D7 /* Base */,
			);
			name = Main.storyboard;
			sourceTree = "<group>";
		};
		43CD546324B4881500AD95D7 /* LaunchScreen.storyboard */ = {
			isa = PBXVariantGroup;
			children = (
				43CD546424B4881500AD95D7 /* Base */,
			);
			name = LaunchScreen.storyboard;
			sourceTree = "<group>";
		};
/* End PBXVariantGroup section */

/* Begin XCBuildConfiguration section */
		43CD547224B4881500AD95D7 /* Debug */ = {
			isa = XCBuildConfiguration;
			buildSettings = {
				ALWAYS_SEARCH_USER_PATHS = NO;
				CLANG_ANALYZER_NONNULL = YES;
				CLANG_ANALYZER_NUMBER_OBJECT_CONVERSION = YES_AGGRESSIVE;
				CLANG_CXX_LANGUAGE_STANDARD = "gnu++14";
				CLANG_CXX_LIBRARY = "libc++";
				CLANG_ENABLE_MODULES = YES;
				CLANG_ENABLE_OBJC_ARC = YES;
				CLANG_ENABLE_OBJC_WEAK = YES;
				CLANG_WARN_BLOCK_CAPTURE_AUTORELEASING = YES;
				CLANG_WARN_BOOL_CONVERSION = YES;
				CLANG_WARN_COMMA = YES;
				CLANG_WARN_CONSTANT_CONVERSION = YES;
				CLANG_WARN_DEPRECATED_OBJC_IMPLEMENTATIONS = YES;
				CLANG_WARN_DIRECT_OBJC_ISA_USAGE = YES_ERROR;
				CLANG_WARN_DOCUMENTATION_COMMENTS = YES;
				CLANG_WARN_EMPTY_BODY = YES;
				CLANG_WARN_ENUM_CONVERSION = YES;
				CLANG_WARN_INFINITE_RECURSION = YES;
				CLANG_WARN_INT_CONVERSION = YES;
				CLANG_WARN_NON_LITERAL_NULL_CONVERSION = YES;
				CLANG_WARN_OBJC_IMPLICIT_RETAIN_SELF = YES;
				CLANG_WARN_OBJC_LITERAL_CONVERSION = YES;
				CLANG_WARN_OBJC_ROOT_CLASS = YES_ERROR;
				CLANG_WARN_RANGE_LOOP_ANALYSIS = YES;
				CLANG_WARN_STRICT_PROTOTYPES = YES;
				CLANG_WARN_SUSPICIOUS_MOVE = YES;
				CLANG_WARN_UNGUARDED_AVAILABILITY = YES_AGGRESSIVE;
				CLANG_WARN_UNREACHABLE_CODE = YES;
				CLANG_WARN__DUPLICATE_METHOD_MATCH = YES;
				COPY_PHASE_STRIP = NO;
				DEBUG_INFORMATION_FORMAT = dwarf;
				ENABLE_STRICT_OBJC_MSGSEND = YES;
				ENABLE_TESTABILITY = YES;
				GCC_C_LANGUAGE_STANDARD = gnu11;
				GCC_DYNAMIC_NO_PIC = NO;
				GCC_NO_COMMON_BLOCKS = YES;
				GCC_OPTIMIZATION_LEVEL = 0;
				GCC_PREPROCESSOR_DEFINITIONS = (
					"DEBUG=1",
					"$(inherited)",
				);
				GCC_WARN_64_TO_32_BIT_CONVERSION = YES;
				GCC_WARN_ABOUT_RETURN_TYPE = YES_ERROR;
				GCC_WARN_UNDECLARED_SELECTOR = YES;
				GCC_WARN_UNINITIALIZED_AUTOS = YES_AGGRESSIVE;
				GCC_WARN_UNUSED_FUNCTION = YES;
				GCC_WARN_UNUSED_VARIABLE = YES;
				IPHONEOS_DEPLOYMENT_TARGET = 13.5;
				MTL_ENABLE_DEBUG_INFO = INCLUDE_SOURCE;
				MTL_FAST_MATH = YES;
				ONLY_ACTIVE_ARCH = YES;
				SDKROOT = iphoneos;
				SWIFT_ACTIVE_COMPILATION_CONDITIONS = DEBUG;
				SWIFT_OPTIMIZATION_LEVEL = "-Onone";
			};
			name = Debug;
		};
		43CD547324B4881500AD95D7 /* Release */ = {
			isa = XCBuildConfiguration;
			buildSettings = {
				ALWAYS_SEARCH_USER_PATHS = NO;
				CLANG_ANALYZER_NONNULL = YES;
				CLANG_ANALYZER_NUMBER_OBJECT_CONVERSION = YES_AGGRESSIVE;
				CLANG_CXX_LANGUAGE_STANDARD = "gnu++14";
				CLANG_CXX_LIBRARY = "libc++";
				CLANG_ENABLE_MODULES = YES;
				CLANG_ENABLE_OBJC_ARC = YES;
				CLANG_ENABLE_OBJC_WEAK = YES;
				CLANG_WARN_BLOCK_CAPTURE_AUTORELEASING = YES;
				CLANG_WARN_BOOL_CONVERSION = YES;
				CLANG_WARN_COMMA = YES;
				CLANG_WARN_CONSTANT_CONVERSION = YES;
				CLANG_WARN_DEPRECATED_OBJC_IMPLEMENTATIONS = YES;
				CLANG_WARN_DIRECT_OBJC_ISA_USAGE = YES_ERROR;
				CLANG_WARN_DOCUMENTATION_COMMENTS = YES;
				CLANG_WARN_EMPTY_BODY = YES;
				CLANG_WARN_ENUM_CONVERSION = YES;
				CLANG_WARN_INFINITE_RECURSION = YES;
				CLANG_WARN_INT_CONVERSION = YES;
				CLANG_WARN_NON_LITERAL_NULL_CONVERSION = YES;
				CLANG_WARN_OBJC_IMPLICIT_RETAIN_SELF = YES;
				CLANG_WARN_OBJC_LITERAL_CONVERSION = YES;
				CLANG_WARN_OBJC_ROOT_CLASS = YES_ERROR;
				CLANG_WARN_RANGE_LOOP_ANALYSIS = YES;
				CLANG_WARN_STRICT_PROTOTYPES = YES;
				CLANG_WARN_SUSPICIOUS_MOVE = YES;
				CLANG_WARN_UNGUARDED_AVAILABILITY = YES_AGGRESSIVE;
				CLANG_WARN_UNREACHABLE_CODE = YES;
				CLANG_WARN__DUPLICATE_METHOD_MATCH = YES;
				COPY_PHASE_STRIP = NO;
				DEBUG_INFORMATION_FORMAT = "dwarf-with-dsym";
				ENABLE_NS_ASSERTIONS = NO;
				ENABLE_STRICT_OBJC_MSGSEND = YES;
				GCC_C_LANGUAGE_STANDARD = gnu11;
				GCC_NO_COMMON_BLOCKS = YES;
				GCC_WARN_64_TO_32_BIT_CONVERSION = YES;
				GCC_WARN_ABOUT_RETURN_TYPE = YES_ERROR;
				GCC_WARN_UNDECLARED_SELECTOR = YES;
				GCC_WARN_UNINITIALIZED_AUTOS = YES_AGGRESSIVE;
				GCC_WARN_UNUSED_FUNCTION = YES;
				GCC_WARN_UNUSED_VARIABLE = YES;
				IPHONEOS_DEPLOYMENT_TARGET = 13.5;
				MTL_ENABLE_DEBUG_INFO = NO;
				MTL_FAST_MATH = YES;
				SDKROOT = iphoneos;
				SWIFT_COMPILATION_MODE = wholemodule;
				SWIFT_OPTIMIZATION_LEVEL = "-O";
				VALIDATE_PRODUCT = YES;
			};
			name = Release;
		};
		43CD547524B4881500AD95D7 /* Debug */ = {
			isa = XCBuildConfiguration;
			buildSettings = {
				ASSETCATALOG_COMPILER_APPICON_NAME = AppIcon;
				CODE_SIGN_STYLE = Automatic;
				DEVELOPMENT_TEAM = 6UVPG4K6BB;
				INFOPLIST_FILE = Example3/Info.plist;
				IPHONEOS_DEPLOYMENT_TARGET = 12.0;
				LD_RUNPATH_SEARCH_PATHS = (
					"$(inherited)",
					"@executable_path/Frameworks",
				);
				PRODUCT_BUNDLE_IDENTIFIER = HKUITLTD.Example3;
				PRODUCT_NAME = "$(TARGET_NAME)";
				SWIFT_VERSION = 5.0;
				TARGETED_DEVICE_FAMILY = "1,2";
			};
			name = Debug;
		};
		43CD547624B4881500AD95D7 /* Release */ = {
			isa = XCBuildConfiguration;
			buildSettings = {
				ASSETCATALOG_COMPILER_APPICON_NAME = AppIcon;
				CODE_SIGN_STYLE = Automatic;
				DEVELOPMENT_TEAM = 6UVPG4K6BB;
				INFOPLIST_FILE = Example3/Info.plist;
				IPHONEOS_DEPLOYMENT_TARGET = 12.0;
				LD_RUNPATH_SEARCH_PATHS = (
					"$(inherited)",
					"@executable_path/Frameworks",
				);
				PRODUCT_BUNDLE_IDENTIFIER = HKUITLTD.Example3;
				PRODUCT_NAME = "$(TARGET_NAME)";
				SWIFT_VERSION = 5.0;
				TARGETED_DEVICE_FAMILY = "1,2";
			};
			name = Release;
		};
		43CD547824B4881500AD95D7 /* Debug */ = {
			isa = XCBuildConfiguration;
			buildSettings = {
				ALWAYS_EMBED_SWIFT_STANDARD_LIBRARIES = YES;
				CODE_SIGN_STYLE = Automatic;
				DEVELOPMENT_TEAM = 6UVPG4K6BB;
				INFOPLIST_FILE = Example3UITests/Info.plist;
				LD_RUNPATH_SEARCH_PATHS = (
					"$(inherited)",
					"@executable_path/Frameworks",
					"@loader_path/Frameworks",
				);
				PRODUCT_BUNDLE_IDENTIFIER = HKUITLTD.Example3UITests;
				PRODUCT_NAME = "$(TARGET_NAME)";
				SWIFT_VERSION = 5.0;
				TARGETED_DEVICE_FAMILY = "1,2";
				TEST_TARGET_NAME = Example3;
			};
			name = Debug;
		};
		43CD547924B4881500AD95D7 /* Release */ = {
			isa = XCBuildConfiguration;
			buildSettings = {
				ALWAYS_EMBED_SWIFT_STANDARD_LIBRARIES = YES;
				CODE_SIGN_STYLE = Automatic;
				DEVELOPMENT_TEAM = 6UVPG4K6BB;
				INFOPLIST_FILE = Example3UITests/Info.plist;
				LD_RUNPATH_SEARCH_PATHS = (
					"$(inherited)",
					"@executable_path/Frameworks",
					"@loader_path/Frameworks",
				);
				PRODUCT_BUNDLE_IDENTIFIER = HKUITLTD.Example3UITests;
				PRODUCT_NAME = "$(TARGET_NAME)";
				SWIFT_VERSION = 5.0;
				TARGETED_DEVICE_FAMILY = "1,2";
				TEST_TARGET_NAME = Example3;
			};
			name = Release;
		};
/* End XCBuildConfiguration section */

/* Begin XCConfigurationList section */
		43CD545024B4881300AD95D7 /* Build configuration list for PBXProject "Example3" */ = {
			isa = XCConfigurationList;
			buildConfigurations = (
				43CD547224B4881500AD95D7 /* Debug */,
				43CD547324B4881500AD95D7 /* Release */,
			);
			defaultConfigurationIsVisible = 0;
			defaultConfigurationName = Release;
		};
		43CD547424B4881500AD95D7 /* Build configuration list for PBXNativeTarget "Example3" */ = {
			isa = XCConfigurationList;
			buildConfigurations = (
				43CD547524B4881500AD95D7 /* Debug */,
				43CD547624B4881500AD95D7 /* Release */,
			);
			defaultConfigurationIsVisible = 0;
			defaultConfigurationName = Release;
		};
		43CD547724B4881500AD95D7 /* Build configuration list for PBXNativeTarget "Example3UITests" */ = {
			isa = XCConfigurationList;
			buildConfigurations = (
				43CD547824B4881500AD95D7 /* Debug */,
				43CD547924B4881500AD95D7 /* Release */,
			);
			defaultConfigurationIsVisible = 0;
			defaultConfigurationName = Release;
		};
/* End XCConfigurationList section */
	};
	rootObject = 43CD544D24B4881300AD95D7 /* Project object */;
}
