// !$*UTF8*$!
{
	archiveVersion = 1;
	classes = {
	};
	objectVersion = 50;
	objects = {

/* Begin PBXBuildFile section */
		4309A01B25A3039500F630BF /* Padangushthasana.swift in Sources */ = {isa = PBXBuildFile; fileRef = 4309A00D25A3039400F630BF /* Padangushthasana.swift */; };
		4309A01C25A3039500F630BF /* Bujangasana.swift in Sources */ = {isa = PBXBuildFile; fileRef = 4309A00E25A3039400F630BF /* Bujangasana.swift */; };
		4309A01D25A3039500F630BF /* PhalakasanaB.swift in Sources */ = {isa = PBXBuildFile; fileRef = 4309A00F25A3039400F630BF /* PhalakasanaB.swift */; };
		4309A01E25A3039500F630BF /* UrdhvaMukhaSvanasana.swift in Sources */ = {isa = PBXBuildFile; fileRef = 4309A01025A3039400F630BF /* UrdhvaMukhaSvanasana.swift */; };
		4309A01F25A3039500F630BF /* MarjarasanaC.swift in Sources */ = {isa = PBXBuildFile; fileRef = 4309A01125A3039400F630BF /* MarjarasanaC.swift */; };
		4309A02125A3039500F630BF /* Balasana.swift in Sources */ = {isa = PBXBuildFile; fileRef = 4309A01325A3039400F630BF /* Balasana.swift */; };
		4309A02225A3039500F630BF /* UtthitaTrikonasana.swift in Sources */ = {isa = PBXBuildFile; fileRef = 4309A01425A3039400F630BF /* UtthitaTrikonasana.swift */; };
		4309A02325A3039500F630BF /* VirabhadrasanaC.swift in Sources */ = {isa = PBXBuildFile; fileRef = 4309A01525A3039400F630BF /* VirabhadrasanaC.swift */; };
		4309A02425A3039500F630BF /* VirabhadrasanaD.swift in Sources */ = {isa = PBXBuildFile; fileRef = 4309A01625A3039400F630BF /* VirabhadrasanaD.swift */; };
		4309A02525A3039500F630BF /* Utkatasana.swift in Sources */ = {isa = PBXBuildFile; fileRef = 4309A01725A3039400F630BF /* Utkatasana.swift */; };
		4309A02B25A303AA00F630BF /* GetCGRect.swift in Sources */ = {isa = PBXBuildFile; fileRef = 4309A02925A303AA00F630BF /* GetCGRect.swift */; };
		4309A02C25A303AA00F630BF /* ColorbitUtilities.swift in Sources */ = {isa = PBXBuildFile; fileRef = 4309A02A25A303AA00F630BF /* ColorbitUtilities.swift */; };
		4315E69224A5D82600B81FC3 /* Navasana.swift in Sources */ = {isa = PBXBuildFile; fileRef = 4315E68424A5D82600B81FC3 /* Navasana.swift */; };
		4315E6BC24A609D900B81FC3 /* TimeResult.swift in Sources */ = {isa = PBXBuildFile; fileRef = 4315E6B524A609D900B81FC3 /* TimeResult.swift */; };
		4315E6BE24A609D900B81FC3 /* Keypoint.swift in Sources */ = {isa = PBXBuildFile; fileRef = 4315E6B724A609D900B81FC3 /* Keypoint.swift */; };
		4315E6BF24A609D900B81FC3 /* BodyPart.swift in Sources */ = {isa = PBXBuildFile; fileRef = 4315E6B824A609D900B81FC3 /* BodyPart.swift */; };
		4315E6C024A609D900B81FC3 /* Line.swift in Sources */ = {isa = PBXBuildFile; fileRef = 4315E6B924A609D900B81FC3 /* Line.swift */; };
		4315E6C524A60D6700B81FC3 /* CalAngleDist.swift in Sources */ = {isa = PBXBuildFile; fileRef = 4315E6C324A60D6700B81FC3 /* CalAngleDist.swift */; };
		4315E6C624A60D6700B81FC3 /* ResultToArray.swift in Sources */ = {isa = PBXBuildFile; fileRef = 4315E6C424A60D6700B81FC3 /* ResultToArray.swift */; };
		4315E6C824A60DA200B81FC3 /* Pose.swift in Sources */ = {isa = PBXBuildFile; fileRef = 4315E6C724A60DA200B81FC3 /* Pose.swift */; };
		4315E6CA24A60E3300B81FC3 /* CommentOfPose.swift in Sources */ = {isa = PBXBuildFile; fileRef = 4315E6C924A60E3300B81FC3 /* CommentOfPose.swift */; };
		4315E74024A616CE00B81FC3 /* Constants.swift in Sources */ = {isa = PBXBuildFile; fileRef = 4315E73D24A616CE00B81FC3 /* Constants.swift */; };
		4315E74124A616CE00B81FC3 /* tfModel.swift in Sources */ = {isa = PBXBuildFile; fileRef = 4315E73E24A616CE00B81FC3 /* tfModel.swift */; };
		435012AF255BC239007382F3 /* Shape.swift in Sources */ = {isa = PBXBuildFile; fileRef = 435012AE255BC239007382F3 /* Shape.swift */; };
		4358BFE524738DA2008B4656 /* HKUITLTD_PoseEstim_Framework.h in Headers */ = {isa = PBXBuildFile; fileRef = 4358BFE324738DA2008B4656 /* HKUITLTD_PoseEstim_Framework.h */; settings = {ATTRIBUTES = (Public, ); }; };
		4358BFEE24738FA1008B4656 /* TensorFlowLiteC.framework in Frameworks */ = {isa = PBXBuildFile; fileRef = 4358BFED24738FA1008B4656 /* TensorFlowLiteC.framework */; };
		4358C00024738FC9008B4656 /* LICENSE in Resources */ = {isa = PBXBuildFile; fileRef = 4358BFF024738FC9008B4656 /* LICENSE */; };
		4358C00124738FC9008B4656 /* README.md in Resources */ = {isa = PBXBuildFile; fileRef = 4358BFF124738FC9008B4656 /* README.md */; };
		4358C00224738FC9008B4656 /* QuantizationParameters.swift in Sources */ = {isa = PBXBuildFile; fileRef = 4358BFF724738FC9008B4656 /* QuantizationParameters.swift */; };
		4358C00324738FC9008B4656 /* Model.swift in Sources */ = {isa = PBXBuildFile; fileRef = 4358BFF824738FC9008B4656 /* Model.swift */; };
		4358C00424738FC9008B4656 /* Tensor.swift in Sources */ = {isa = PBXBuildFile; fileRef = 4358BFF924738FC9008B4656 /* Tensor.swift */; };
		4358C00524738FC9008B4656 /* TensorFlowLite.swift in Sources */ = {isa = PBXBuildFile; fileRef = 4358BFFA24738FC9008B4656 /* TensorFlowLite.swift */; };
		4358C00624738FC9008B4656 /* Delegate.swift in Sources */ = {isa = PBXBuildFile; fileRef = 4358BFFB24738FC9008B4656 /* Delegate.swift */; };
		4358C00724738FC9008B4656 /* InterpreterError.swift in Sources */ = {isa = PBXBuildFile; fileRef = 4358BFFC24738FC9008B4656 /* InterpreterError.swift */; };
		4358C00824738FC9008B4656 /* CoreMLDelegate.swift in Sources */ = {isa = PBXBuildFile; fileRef = 4358BFFD24738FC9008B4656 /* CoreMLDelegate.swift */; };
		4358C00924738FC9008B4656 /* Interpreter.swift in Sources */ = {isa = PBXBuildFile; fileRef = 4358BFFE24738FC9008B4656 /* Interpreter.swift */; };
		4358C00A24738FC9008B4656 /* MetalDelegate.swift in Sources */ = {isa = PBXBuildFile; fileRef = 4358BFFF24738FC9008B4656 /* MetalDelegate.swift */; };
		4358C01B247390F4008B4656 /* PreviewView.swift in Sources */ = {isa = PBXBuildFile; fileRef = 4358C00C247390F4008B4656 /* PreviewView.swift */; };
		4358C01C247390F4008B4656 /* CameraFeedManager.swift in Sources */ = {isa = PBXBuildFile; fileRef = 4358C00D247390F4008B4656 /* CameraFeedManager.swift */; };
		4358C01D247390F4008B4656 /* CGSizeExtension.swift in Sources */ = {isa = PBXBuildFile; fileRef = 4358C00F247390F4008B4656 /* CGSizeExtension.swift */; };
		4358C01F247390F4008B4656 /* TFLiteExtension.swift in Sources */ = {isa = PBXBuildFile; fileRef = 4358C011247390F4008B4656 /* TFLiteExtension.swift */; };
		4358C021247390F4008B4656 /* posenet_mobilenet_v1_100_257x257_multi_kpt_stripped.tflite in Resources */ = {isa = PBXBuildFile; fileRef = 4358C015247390F4008B4656 /* posenet_mobilenet_v1_100_257x257_multi_kpt_stripped.tflite */; };
		4358C022247390F4008B4656 /* mobilnetv2False2020-05-11-12-17-45.tflite in Resources */ = {isa = PBXBuildFile; fileRef = 4358C016247390F4008B4656 /* mobilnetv2False2020-05-11-12-17-45.tflite */; };
		4358C023247390F4008B4656 /* OverlayView.swift in Sources */ = {isa = PBXBuildFile; fileRef = 4358C018247390F4008B4656 /* OverlayView.swift */; };
		4358C029247394FE008B4656 /* libc++.1.tbd in Frameworks */ = {isa = PBXBuildFile; fileRef = 4358C028247394FE008B4656 /* libc++.1.tbd */; };
		435A5D0525A2BB3F00AE0237 /* (null) in Sources */ = {isa = PBXBuildFile; };
		435A5D0725A2CED200AE0237 /* (null) in Sources */ = {isa = PBXBuildFile; };
		435A5D0925A2F7EB00AE0237 /* (null) in Sources */ = {isa = PBXBuildFile; };
		435A5D0B25A3046800AE0237 /* (null) in Sources */ = {isa = PBXBuildFile; };
		435A5D1425A4301700AE0237 /* (null) in Sources */ = {isa = PBXBuildFile; };
		4396A97125A463E0000ECD58 /* YogaBase.swift in Sources */ = {isa = PBXBuildFile; fileRef = 4396A97025A463E0000ECD58 /* YogaBase.swift */; };
		4396A98A25A56938000ECD58 /* CVPixelBufferExtension.swift in Sources */ = {isa = PBXBuildFile; fileRef = 4358C010247390F4008B4656 /* CVPixelBufferExtension.swift */; };
		4396A98C25A5694C000ECD58 /* DeviceType.swift in Sources */ = {isa = PBXBuildFile; fileRef = 4315E73F24A616CE00B81FC3 /* DeviceType.swift */; };
		4396A98F25A569F9000ECD58 /* UtthitaParsvakonasanaA.swift in Sources */ = {isa = PBXBuildFile; fileRef = 4616D63A24EE287800992513 /* UtthitaParsvakonasanaA.swift */; };
		43A62A6324A353EF00BDBD27 /* ModelAnalyzer.swift in Sources */ = {isa = PBXBuildFile; fileRef = 43A62A6224A353EF00BDBD27 /* ModelAnalyzer.swift */; };
		43BB382324AD8BF700D17529 /* RunThisModel.swift in Sources */ = {isa = PBXBuildFile; fileRef = 43BB382224AD8BF700D17529 /* RunThisModel.swift */; };
		43F14E9424AEE71D000C6059 /* DrawResult.swift in Sources */ = {isa = PBXBuildFile; fileRef = 43F14E9324AEE71D000C6059 /* DrawResult.swift */; };
		43F919B325233FDA00B6A6E0 /* TPose.swift in Sources */ = {isa = PBXBuildFile; fileRef = 43F919B225233FDA00B6A6E0 /* TPose.swift */; };
		4616D62024EBF4BA00992513 /* UrdhvaDhanurasana.swift in Sources */ = {isa = PBXBuildFile; fileRef = 4616D61524EBF4B900992513 /* UrdhvaDhanurasana.swift */; };
		4616D62B24EBF6D200992513 /* FeedbackUtilities.swift in Sources */ = {isa = PBXBuildFile; fileRef = 4616D62A24EBF6D200992513 /* FeedbackUtilities.swift */; };
		4616D62D24ED3C6F00992513 /* AdhoMukhaShivanasana.swift in Sources */ = {isa = PBXBuildFile; fileRef = 4616D62C24ED3C6F00992513 /* AdhoMukhaShivanasana.swift */; };
		4616D7CD24F62A9F00992513 /* GiveFeedBack.swift in Sources */ = {isa = PBXBuildFile; fileRef = 4616D7CC24F62A9F00992513 /* GiveFeedBack.swift */; };
		840E68FB25ABF108004671EA /* PhalakasanaA.swift in Sources */ = {isa = PBXBuildFile; fileRef = 840E68FA25ABF108004671EA /* PhalakasanaA.swift */; };
		844C835C25A82EBD00CD5729 /* ArdhaUttanasana.swift in Sources */ = {isa = PBXBuildFile; fileRef = 844C835B25A82EBD00CD5729 /* ArdhaUttanasana.swift */; };
		844C837125A85F4600CD5729 /* MarjarasanaB.swift in Sources */ = {isa = PBXBuildFile; fileRef = 844C837025A85F4600CD5729 /* MarjarasanaB.swift */; };
		846D47E425B1603E00563391 /* mobilenetv2False2021-01-15-10-55-41.tflite in Resources */ = {isa = PBXBuildFile; fileRef = 846D47E325B1603E00563391 /* mobilenetv2False2021-01-15-10-55-41.tflite */; };
		846FBE1725AD3D1A008F4FFE /* ArdhaPurvattanasana.swift in Sources */ = {isa = PBXBuildFile; fileRef = 846FBE1625AD3D1A008F4FFE /* ArdhaPurvattanasana.swift */; };
		846FBE2E25AD44EA008F4FFE /* ArdhaVasisthasana.swift in Sources */ = {isa = PBXBuildFile; fileRef = 846FBE2D25AD44EA008F4FFE /* ArdhaVasisthasana.swift */; };
		846FBE3F25AD46D9008F4FFE /* Purvattanasana.swift in Sources */ = {isa = PBXBuildFile; fileRef = 846FBE3E25AD46D9008F4FFE /* Purvattanasana.swift */; };
		846FBE4B25AD4963008F4FFE /* SetuBandhasana.swift in Sources */ = {isa = PBXBuildFile; fileRef = 846FBE4A25AD4963008F4FFE /* SetuBandhasana.swift */; };
		8473ADF025AC1C210021CCA6 /* UtthitaParsvakonasanaB.swift in Sources */ = {isa = PBXBuildFile; fileRef = 8473ADEE25AC1C210021CCA6 /* UtthitaParsvakonasanaB.swift */; };
		8473ADFD25AC417C0021CCA6 /* VirabhadrasanaA.swift in Sources */ = {isa = PBXBuildFile; fileRef = 8473ADFC25AC417C0021CCA6 /* VirabhadrasanaA.swift */; };
		8473AE0825AC481B0021CCA6 /* VirabhadrasanaB.swift in Sources */ = {isa = PBXBuildFile; fileRef = 8473AE0725AC481B0021CCA6 /* VirabhadrasanaB.swift */; };
/* End PBXBuildFile section */

/* Begin PBXFileReference section */
		4309A00D25A3039400F630BF /* Padangushthasana.swift */ = {isa = PBXFileReference; fileEncoding = 4; lastKnownFileType = sourcecode.swift; path = Padangushthasana.swift; sourceTree = "<group>"; };
		4309A00E25A3039400F630BF /* Bujangasana.swift */ = {isa = PBXFileReference; fileEncoding = 4; lastKnownFileType = sourcecode.swift; path = Bujangasana.swift; sourceTree = "<group>"; };
		4309A00F25A3039400F630BF /* PhalakasanaB.swift */ = {isa = PBXFileReference; fileEncoding = 4; lastKnownFileType = sourcecode.swift; path = PhalakasanaB.swift; sourceTree = "<group>"; };
		4309A01025A3039400F630BF /* UrdhvaMukhaSvanasana.swift */ = {isa = PBXFileReference; fileEncoding = 4; lastKnownFileType = sourcecode.swift; path = UrdhvaMukhaSvanasana.swift; sourceTree = "<group>"; };
		4309A01125A3039400F630BF /* MarjarasanaC.swift */ = {isa = PBXFileReference; fileEncoding = 4; lastKnownFileType = sourcecode.swift; path = MarjarasanaC.swift; sourceTree = "<group>"; };
		4309A01325A3039400F630BF /* Balasana.swift */ = {isa = PBXFileReference; fileEncoding = 4; lastKnownFileType = sourcecode.swift; path = Balasana.swift; sourceTree = "<group>"; };
		4309A01425A3039400F630BF /* UtthitaTrikonasana.swift */ = {isa = PBXFileReference; fileEncoding = 4; lastKnownFileType = sourcecode.swift; path = UtthitaTrikonasana.swift; sourceTree = "<group>"; };
		4309A01525A3039400F630BF /* VirabhadrasanaC.swift */ = {isa = PBXFileReference; fileEncoding = 4; lastKnownFileType = sourcecode.swift; path = VirabhadrasanaC.swift; sourceTree = "<group>"; };
		4309A01625A3039400F630BF /* VirabhadrasanaD.swift */ = {isa = PBXFileReference; fileEncoding = 4; lastKnownFileType = sourcecode.swift; path = VirabhadrasanaD.swift; sourceTree = "<group>"; };
		4309A01725A3039400F630BF /* Utkatasana.swift */ = {isa = PBXFileReference; fileEncoding = 4; lastKnownFileType = sourcecode.swift; path = Utkatasana.swift; sourceTree = "<group>"; };
		4309A02925A303AA00F630BF /* GetCGRect.swift */ = {isa = PBXFileReference; fileEncoding = 4; lastKnownFileType = sourcecode.swift; path = GetCGRect.swift; sourceTree = "<group>"; };
		4309A02A25A303AA00F630BF /* ColorbitUtilities.swift */ = {isa = PBXFileReference; fileEncoding = 4; lastKnownFileType = sourcecode.swift; path = ColorbitUtilities.swift; sourceTree = "<group>"; };
		4315E68424A5D82600B81FC3 /* Navasana.swift */ = {isa = PBXFileReference; fileEncoding = 4; lastKnownFileType = sourcecode.swift; path = Navasana.swift; sourceTree = "<group>"; };
		4315E6B524A609D900B81FC3 /* TimeResult.swift */ = {isa = PBXFileReference; fileEncoding = 4; lastKnownFileType = sourcecode.swift; path = TimeResult.swift; sourceTree = "<group>"; };
		4315E6B724A609D900B81FC3 /* Keypoint.swift */ = {isa = PBXFileReference; fileEncoding = 4; lastKnownFileType = sourcecode.swift; path = Keypoint.swift; sourceTree = "<group>"; };
		4315E6B824A609D900B81FC3 /* BodyPart.swift */ = {isa = PBXFileReference; fileEncoding = 4; lastKnownFileType = sourcecode.swift; path = BodyPart.swift; sourceTree = "<group>"; };
		4315E6B924A609D900B81FC3 /* Line.swift */ = {isa = PBXFileReference; fileEncoding = 4; lastKnownFileType = sourcecode.swift; path = Line.swift; sourceTree = "<group>"; };
		4315E6C324A60D6700B81FC3 /* CalAngleDist.swift */ = {isa = PBXFileReference; fileEncoding = 4; lastKnownFileType = sourcecode.swift; path = CalAngleDist.swift; sourceTree = "<group>"; };
		4315E6C424A60D6700B81FC3 /* ResultToArray.swift */ = {isa = PBXFileReference; fileEncoding = 4; lastKnownFileType = sourcecode.swift; path = ResultToArray.swift; sourceTree = "<group>"; };
		4315E6C724A60DA200B81FC3 /* Pose.swift */ = {isa = PBXFileReference; fileEncoding = 4; lastKnownFileType = sourcecode.swift; path = Pose.swift; sourceTree = "<group>"; };
		4315E6C924A60E3300B81FC3 /* CommentOfPose.swift */ = {isa = PBXFileReference; lastKnownFileType = sourcecode.swift; path = CommentOfPose.swift; sourceTree = "<group>"; };
		4315E73D24A616CE00B81FC3 /* Constants.swift */ = {isa = PBXFileReference; fileEncoding = 4; lastKnownFileType = sourcecode.swift; path = Constants.swift; sourceTree = "<group>"; };
		4315E73E24A616CE00B81FC3 /* tfModel.swift */ = {isa = PBXFileReference; fileEncoding = 4; lastKnownFileType = sourcecode.swift; path = tfModel.swift; sourceTree = "<group>"; };
		4315E73F24A616CE00B81FC3 /* DeviceType.swift */ = {isa = PBXFileReference; fileEncoding = 4; lastKnownFileType = sourcecode.swift; path = DeviceType.swift; sourceTree = "<group>"; };
		435012AE255BC239007382F3 /* Shape.swift */ = {isa = PBXFileReference; lastKnownFileType = sourcecode.swift; path = Shape.swift; sourceTree = "<group>"; };
		4358BFE024738DA2008B4656 /* HKUITLTD_PoseEstim_Framework.framework */ = {isa = PBXFileReference; explicitFileType = wrapper.framework; includeInIndex = 0; path = HKUITLTD_PoseEstim_Framework.framework; sourceTree = BUILT_PRODUCTS_DIR; };
		4358BFE324738DA2008B4656 /* HKUITLTD_PoseEstim_Framework.h */ = {isa = PBXFileReference; lastKnownFileType = sourcecode.c.h; path = HKUITLTD_PoseEstim_Framework.h; sourceTree = "<group>"; };
		4358BFE424738DA2008B4656 /* Info.plist */ = {isa = PBXFileReference; lastKnownFileType = text.plist.xml; path = Info.plist; sourceTree = "<group>"; };
		4358BFED24738FA1008B4656 /* TensorFlowLiteC.framework */ = {isa = PBXFileReference; lastKnownFileType = wrapper.framework; path = TensorFlowLiteC.framework; sourceTree = "<group>"; };
		4358BFF024738FC9008B4656 /* LICENSE */ = {isa = PBXFileReference; fileEncoding = 4; lastKnownFileType = text; path = LICENSE; sourceTree = "<group>"; };
		4358BFF124738FC9008B4656 /* README.md */ = {isa = PBXFileReference; fileEncoding = 4; lastKnownFileType = net.daringfireball.markdown; path = README.md; sourceTree = "<group>"; };
		4358BFF724738FC9008B4656 /* QuantizationParameters.swift */ = {isa = PBXFileReference; fileEncoding = 4; lastKnownFileType = sourcecode.swift; path = QuantizationParameters.swift; sourceTree = "<group>"; };
		4358BFF824738FC9008B4656 /* Model.swift */ = {isa = PBXFileReference; fileEncoding = 4; lastKnownFileType = sourcecode.swift; path = Model.swift; sourceTree = "<group>"; };
		4358BFF924738FC9008B4656 /* Tensor.swift */ = {isa = PBXFileReference; fileEncoding = 4; lastKnownFileType = sourcecode.swift; path = Tensor.swift; sourceTree = "<group>"; };
		4358BFFA24738FC9008B4656 /* TensorFlowLite.swift */ = {isa = PBXFileReference; fileEncoding = 4; lastKnownFileType = sourcecode.swift; path = TensorFlowLite.swift; sourceTree = "<group>"; };
		4358BFFB24738FC9008B4656 /* Delegate.swift */ = {isa = PBXFileReference; fileEncoding = 4; lastKnownFileType = sourcecode.swift; path = Delegate.swift; sourceTree = "<group>"; };
		4358BFFC24738FC9008B4656 /* InterpreterError.swift */ = {isa = PBXFileReference; fileEncoding = 4; lastKnownFileType = sourcecode.swift; path = InterpreterError.swift; sourceTree = "<group>"; };
		4358BFFD24738FC9008B4656 /* CoreMLDelegate.swift */ = {isa = PBXFileReference; fileEncoding = 4; lastKnownFileType = sourcecode.swift; path = CoreMLDelegate.swift; sourceTree = "<group>"; };
		4358BFFE24738FC9008B4656 /* Interpreter.swift */ = {isa = PBXFileReference; fileEncoding = 4; lastKnownFileType = sourcecode.swift; path = Interpreter.swift; sourceTree = "<group>"; };
		4358BFFF24738FC9008B4656 /* MetalDelegate.swift */ = {isa = PBXFileReference; fileEncoding = 4; lastKnownFileType = sourcecode.swift; path = MetalDelegate.swift; sourceTree = "<group>"; };
		4358C00C247390F4008B4656 /* PreviewView.swift */ = {isa = PBXFileReference; fileEncoding = 4; lastKnownFileType = sourcecode.swift; path = PreviewView.swift; sourceTree = "<group>"; };
		4358C00D247390F4008B4656 /* CameraFeedManager.swift */ = {isa = PBXFileReference; fileEncoding = 4; lastKnownFileType = sourcecode.swift; path = CameraFeedManager.swift; sourceTree = "<group>"; };
		4358C00F247390F4008B4656 /* CGSizeExtension.swift */ = {isa = PBXFileReference; fileEncoding = 4; lastKnownFileType = sourcecode.swift; path = CGSizeExtension.swift; sourceTree = "<group>"; };
		4358C010247390F4008B4656 /* CVPixelBufferExtension.swift */ = {isa = PBXFileReference; fileEncoding = 4; lastKnownFileType = sourcecode.swift; path = CVPixelBufferExtension.swift; sourceTree = "<group>"; };
		4358C011247390F4008B4656 /* TFLiteExtension.swift */ = {isa = PBXFileReference; fileEncoding = 4; lastKnownFileType = sourcecode.swift; path = TFLiteExtension.swift; sourceTree = "<group>"; };
		4358C015247390F4008B4656 /* posenet_mobilenet_v1_100_257x257_multi_kpt_stripped.tflite */ = {isa = PBXFileReference; lastKnownFileType = file; path = posenet_mobilenet_v1_100_257x257_multi_kpt_stripped.tflite; sourceTree = "<group>"; };
		4358C016247390F4008B4656 /* mobilnetv2False2020-05-11-12-17-45.tflite */ = {isa = PBXFileReference; lastKnownFileType = file; path = "mobilnetv2False2020-05-11-12-17-45.tflite"; sourceTree = "<group>"; };
		4358C018247390F4008B4656 /* OverlayView.swift */ = {isa = PBXFileReference; fileEncoding = 4; lastKnownFileType = sourcecode.swift; path = OverlayView.swift; sourceTree = "<group>"; };
		4358C028247394FE008B4656 /* libc++.1.tbd */ = {isa = PBXFileReference; lastKnownFileType = "sourcecode.text-based-dylib-definition"; name = "libc++.1.tbd"; path = "Platforms/MacOSX.platform/Developer/SDKs/MacOSX10.15.sdk/usr/lib/libc++.1.tbd"; sourceTree = DEVELOPER_DIR; };
		4396A97025A463E0000ECD58 /* YogaBase.swift */ = {isa = PBXFileReference; lastKnownFileType = sourcecode.swift; path = YogaBase.swift; sourceTree = "<group>"; };
		43A62A6224A353EF00BDBD27 /* ModelAnalyzer.swift */ = {isa = PBXFileReference; lastKnownFileType = sourcecode.swift; path = ModelAnalyzer.swift; sourceTree = "<group>"; };
		43BB382224AD8BF700D17529 /* RunThisModel.swift */ = {isa = PBXFileReference; fileEncoding = 4; lastKnownFileType = sourcecode.swift; path = RunThisModel.swift; sourceTree = "<group>"; };
		43F14E9324AEE71D000C6059 /* DrawResult.swift */ = {isa = PBXFileReference; lastKnownFileType = sourcecode.swift; path = DrawResult.swift; sourceTree = "<group>"; };
		43F919B225233FDA00B6A6E0 /* TPose.swift */ = {isa = PBXFileReference; fileEncoding = 4; lastKnownFileType = sourcecode.swift; path = TPose.swift; sourceTree = "<group>"; };
		4616D61524EBF4B900992513 /* UrdhvaDhanurasana.swift */ = {isa = PBXFileReference; fileEncoding = 4; lastKnownFileType = sourcecode.swift; path = UrdhvaDhanurasana.swift; sourceTree = "<group>"; };
		4616D62A24EBF6D200992513 /* FeedbackUtilities.swift */ = {isa = PBXFileReference; lastKnownFileType = sourcecode.swift; path = FeedbackUtilities.swift; sourceTree = "<group>"; };
		4616D62C24ED3C6F00992513 /* AdhoMukhaShivanasana.swift */ = {isa = PBXFileReference; lastKnownFileType = sourcecode.swift; path = AdhoMukhaShivanasana.swift; sourceTree = "<group>"; };
		4616D63A24EE287800992513 /* UtthitaParsvakonasanaA.swift */ = {isa = PBXFileReference; lastKnownFileType = sourcecode.swift; path = UtthitaParsvakonasanaA.swift; sourceTree = "<group>"; };
		4616D7CC24F62A9F00992513 /* GiveFeedBack.swift */ = {isa = PBXFileReference; fileEncoding = 4; lastKnownFileType = sourcecode.swift; path = GiveFeedBack.swift; sourceTree = "<group>"; };
		840E68FA25ABF108004671EA /* PhalakasanaA.swift */ = {isa = PBXFileReference; fileEncoding = 4; lastKnownFileType = sourcecode.swift; path = PhalakasanaA.swift; sourceTree = "<group>"; };
		844C835B25A82EBD00CD5729 /* ArdhaUttanasana.swift */ = {isa = PBXFileReference; fileEncoding = 4; lastKnownFileType = sourcecode.swift; path = ArdhaUttanasana.swift; sourceTree = "<group>"; };
		844C837025A85F4600CD5729 /* MarjarasanaB.swift */ = {isa = PBXFileReference; fileEncoding = 4; lastKnownFileType = sourcecode.swift; path = MarjarasanaB.swift; sourceTree = "<group>"; };
		846D47E325B1603E00563391 /* mobilenetv2False2021-01-15-10-55-41.tflite */ = {isa = PBXFileReference; lastKnownFileType = file; path = "mobilenetv2False2021-01-15-10-55-41.tflite"; sourceTree = "<group>"; };
		846FBE1625AD3D1A008F4FFE /* ArdhaPurvattanasana.swift */ = {isa = PBXFileReference; fileEncoding = 4; lastKnownFileType = sourcecode.swift; path = ArdhaPurvattanasana.swift; sourceTree = "<group>"; };
		846FBE2D25AD44EA008F4FFE /* ArdhaVasisthasana.swift */ = {isa = PBXFileReference; fileEncoding = 4; lastKnownFileType = sourcecode.swift; path = ArdhaVasisthasana.swift; sourceTree = "<group>"; };
		846FBE3E25AD46D9008F4FFE /* Purvattanasana.swift */ = {isa = PBXFileReference; fileEncoding = 4; lastKnownFileType = sourcecode.swift; path = Purvattanasana.swift; sourceTree = "<group>"; };
		846FBE4A25AD4963008F4FFE /* SetuBandhasana.swift */ = {isa = PBXFileReference; fileEncoding = 4; lastKnownFileType = sourcecode.swift; path = SetuBandhasana.swift; sourceTree = "<group>"; };
		8473ADEE25AC1C210021CCA6 /* UtthitaParsvakonasanaB.swift */ = {isa = PBXFileReference; fileEncoding = 4; lastKnownFileType = sourcecode.swift; path = UtthitaParsvakonasanaB.swift; sourceTree = "<group>"; };
		8473ADFC25AC417C0021CCA6 /* VirabhadrasanaA.swift */ = {isa = PBXFileReference; fileEncoding = 4; lastKnownFileType = sourcecode.swift; path = VirabhadrasanaA.swift; sourceTree = "<group>"; };
		8473AE0725AC481B0021CCA6 /* VirabhadrasanaB.swift */ = {isa = PBXFileReference; fileEncoding = 4; lastKnownFileType = sourcecode.swift; path = VirabhadrasanaB.swift; sourceTree = "<group>"; };
/* End PBXFileReference section */

/* Begin PBXFrameworksBuildPhase section */
		4358BFDD24738DA1008B4656 /* Frameworks */ = {
			isa = PBXFrameworksBuildPhase;
			buildActionMask = 2147483647;
			files = (
				4358C029247394FE008B4656 /* libc++.1.tbd in Frameworks */,
				4358BFEE24738FA1008B4656 /* TensorFlowLiteC.framework in Frameworks */,
			);
			runOnlyForDeploymentPostprocessing = 0;
		};
/* End PBXFrameworksBuildPhase section */

/* Begin PBXGroup section */
		4315E67E24A5A6B200B81FC3 /* PoseAnalyzer */ = {
			isa = PBXGroup;
			children = (
				4616D7CC24F62A9F00992513 /* GiveFeedBack.swift */,
			);
			path = PoseAnalyzer;
			sourceTree = "<group>";
		};
		4315E68324A5B8D900B81FC3 /* ScoreCalculator */ = {
			isa = PBXGroup;
			children = (
				4616D62C24ED3C6F00992513 /* AdhoMukhaShivanasana.swift */,
				846FBE1625AD3D1A008F4FFE /* ArdhaPurvattanasana.swift */,
				844C835B25A82EBD00CD5729 /* ArdhaUttanasana.swift */,
				846FBE2D25AD44EA008F4FFE /* ArdhaVasisthasana.swift */,
				4309A01325A3039400F630BF /* Balasana.swift */,
				4309A00E25A3039400F630BF /* Bujangasana.swift */,
				844C837025A85F4600CD5729 /* MarjarasanaB.swift */,
				4309A01125A3039400F630BF /* MarjarasanaC.swift */,
				4315E68424A5D82600B81FC3 /* Navasana.swift */,
				4309A00D25A3039400F630BF /* Padangushthasana.swift */,
				840E68FA25ABF108004671EA /* PhalakasanaA.swift */,
				4309A00F25A3039400F630BF /* PhalakasanaB.swift */,
				4315E6C724A60DA200B81FC3 /* Pose.swift */,
				846FBE3E25AD46D9008F4FFE /* Purvattanasana.swift */,
				846FBE4A25AD4963008F4FFE /* SetuBandhasana.swift */,
				43F919B225233FDA00B6A6E0 /* TPose.swift */,
				4616D61524EBF4B900992513 /* UrdhvaDhanurasana.swift */,
				4309A01025A3039400F630BF /* UrdhvaMukhaSvanasana.swift */,
				4309A01725A3039400F630BF /* Utkatasana.swift */,
				4616D63A24EE287800992513 /* UtthitaParsvakonasanaA.swift */,
				8473ADEE25AC1C210021CCA6 /* UtthitaParsvakonasanaB.swift */,
				4309A01425A3039400F630BF /* UtthitaTrikonasana.swift */,
				8473ADFC25AC417C0021CCA6 /* VirabhadrasanaA.swift */,
				8473AE0725AC481B0021CCA6 /* VirabhadrasanaB.swift */,
				4309A01525A3039400F630BF /* VirabhadrasanaC.swift */,
				4309A01625A3039400F630BF /* VirabhadrasanaD.swift */,
				4396A97025A463E0000ECD58 /* YogaBase.swift */,
			);
			path = ScoreCalculator;
			sourceTree = "<group>";
		};
		4315E6B324A609D900B81FC3 /* CustomObjects */ = {
			isa = PBXGroup;
			children = (
				4315E6B524A609D900B81FC3 /* TimeResult.swift */,
				4315E6B724A609D900B81FC3 /* Keypoint.swift */,
				4315E6B824A609D900B81FC3 /* BodyPart.swift */,
				4315E6B924A609D900B81FC3 /* Line.swift */,
				435012AE255BC239007382F3 /* Shape.swift */,
			);
			name = CustomObjects;
			path = HKUITLTD_PoseEstim_Framework/CustomObjects;
			sourceTree = SOURCE_ROOT;
		};
		4315E6C224A60D6700B81FC3 /* Utils */ = {
			isa = PBXGroup;
			children = (
				4309A02A25A303AA00F630BF /* ColorbitUtilities.swift */,
				4309A02925A303AA00F630BF /* GetCGRect.swift */,
				4315E6C324A60D6700B81FC3 /* CalAngleDist.swift */,
				4315E6C424A60D6700B81FC3 /* ResultToArray.swift */,
				4315E6C924A60E3300B81FC3 /* CommentOfPose.swift */,
				43F14E9324AEE71D000C6059 /* DrawResult.swift */,
				4616D62A24EBF6D200992513 /* FeedbackUtilities.swift */,
			);
			path = Utils;
			sourceTree = "<group>";
		};
		4315E73C24A616CE00B81FC3 /* Settings */ = {
			isa = PBXGroup;
			children = (
				4315E73D24A616CE00B81FC3 /* Constants.swift */,
				4315E73E24A616CE00B81FC3 /* tfModel.swift */,
				4315E73F24A616CE00B81FC3 /* DeviceType.swift */,
			);
			path = Settings;
			sourceTree = "<group>";
		};
		4358BFD624738DA1008B4656 = {
			isa = PBXGroup;
			children = (
				4358BFE224738DA2008B4656 /* HKUITLTD_PoseEstim_Framework */,
				4358BFE124738DA2008B4656 /* Products */,
				4358C027247394FE008B4656 /* Frameworks */,
				4396A9E125A5BE5D000ECD58 /* Recovered References */,
			);
			sourceTree = "<group>";
		};
		4358BFE124738DA2008B4656 /* Products */ = {
			isa = PBXGroup;
			children = (
				4358BFE024738DA2008B4656 /* HKUITLTD_PoseEstim_Framework.framework */,
			);
			name = Products;
			sourceTree = "<group>";
		};
		4358BFE224738DA2008B4656 /* HKUITLTD_PoseEstim_Framework */ = {
			isa = PBXGroup;
			children = (
				43BB382124AD8BF700D17529 /* RunThisModel */,
				4315E73C24A616CE00B81FC3 /* Settings */,
				4315E6C224A60D6700B81FC3 /* Utils */,
				4315E6B324A609D900B81FC3 /* CustomObjects */,
				4315E68324A5B8D900B81FC3 /* ScoreCalculator */,
				43A62A6124A353E000BDBD27 /* ModelAnalyzer */,
				4315E67E24A5A6B200B81FC3 /* PoseAnalyzer */,
				4358C00B247390F4008B4656 /* Camera Feed */,
				4358C00E247390F4008B4656 /* Extensions */,
				4358C014247390F4008B4656 /* Model */,
				4358C017247390F4008B4656 /* Views */,
				4358BFEF24738FC9008B4656 /* TensorFlowLiteSwift */,
				4358BFEB24738FA1008B4656 /* TensorFlowLiteC */,
				4358BFE324738DA2008B4656 /* HKUITLTD_PoseEstim_Framework.h */,
				4358BFE424738DA2008B4656 /* Info.plist */,
			);
			path = HKUITLTD_PoseEstim_Framework;
			sourceTree = "<group>";
		};
		4358BFEB24738FA1008B4656 /* TensorFlowLiteC */ = {
			isa = PBXGroup;
			children = (
				4358BFEC24738FA1008B4656 /* Frameworks */,
			);
			path = TensorFlowLiteC;
			sourceTree = "<group>";
		};
		4358BFEC24738FA1008B4656 /* Frameworks */ = {
			isa = PBXGroup;
			children = (
				4358BFED24738FA1008B4656 /* TensorFlowLiteC.framework */,
			);
			path = Frameworks;
			sourceTree = "<group>";
		};
		4358BFEF24738FC9008B4656 /* TensorFlowLiteSwift */ = {
			isa = PBXGroup;
			children = (
				4358BFF024738FC9008B4656 /* LICENSE */,
				4358BFF124738FC9008B4656 /* README.md */,
				4358BFF224738FC9008B4656 /* tensorflow */,
			);
			path = TensorFlowLiteSwift;
			sourceTree = "<group>";
		};
		4358BFF224738FC9008B4656 /* tensorflow */ = {
			isa = PBXGroup;
			children = (
				4358BFF324738FC9008B4656 /* lite */,
			);
			path = tensorflow;
			sourceTree = "<group>";
		};
		4358BFF324738FC9008B4656 /* lite */ = {
			isa = PBXGroup;
			children = (
				4358BFF424738FC9008B4656 /* experimental */,
			);
			path = lite;
			sourceTree = "<group>";
		};
		4358BFF424738FC9008B4656 /* experimental */ = {
			isa = PBXGroup;
			children = (
				4358BFF524738FC9008B4656 /* swift */,
			);
			path = experimental;
			sourceTree = "<group>";
		};
		4358BFF524738FC9008B4656 /* swift */ = {
			isa = PBXGroup;
			children = (
				4358BFF624738FC9008B4656 /* Sources */,
			);
			path = swift;
			sourceTree = "<group>";
		};
		4358BFF624738FC9008B4656 /* Sources */ = {
			isa = PBXGroup;
			children = (
				4358BFF724738FC9008B4656 /* QuantizationParameters.swift */,
				4358BFF824738FC9008B4656 /* Model.swift */,
				4358BFF924738FC9008B4656 /* Tensor.swift */,
				4358BFFA24738FC9008B4656 /* TensorFlowLite.swift */,
				4358BFFB24738FC9008B4656 /* Delegate.swift */,
				4358BFFC24738FC9008B4656 /* InterpreterError.swift */,
				4358BFFD24738FC9008B4656 /* CoreMLDelegate.swift */,
				4358BFFE24738FC9008B4656 /* Interpreter.swift */,
				4358BFFF24738FC9008B4656 /* MetalDelegate.swift */,
			);
			path = Sources;
			sourceTree = "<group>";
		};
		4358C00B247390F4008B4656 /* Camera Feed */ = {
			isa = PBXGroup;
			children = (
				4358C00C247390F4008B4656 /* PreviewView.swift */,
				4358C00D247390F4008B4656 /* CameraFeedManager.swift */,
			);
			path = "Camera Feed";
			sourceTree = "<group>";
		};
		4358C00E247390F4008B4656 /* Extensions */ = {
			isa = PBXGroup;
			children = (
				4358C00F247390F4008B4656 /* CGSizeExtension.swift */,
				4358C010247390F4008B4656 /* CVPixelBufferExtension.swift */,
				4358C011247390F4008B4656 /* TFLiteExtension.swift */,
			);
			path = Extensions;
			sourceTree = "<group>";
		};
		4358C014247390F4008B4656 /* Model */ = {
			isa = PBXGroup;
			children = (
				846D47E325B1603E00563391 /* mobilenetv2False2021-01-15-10-55-41.tflite */,
				4358C015247390F4008B4656 /* posenet_mobilenet_v1_100_257x257_multi_kpt_stripped.tflite */,
				4358C016247390F4008B4656 /* mobilnetv2False2020-05-11-12-17-45.tflite */,
			);
			path = Model;
			sourceTree = "<group>";
		};
		4358C017247390F4008B4656 /* Views */ = {
			isa = PBXGroup;
			children = (
				4358C018247390F4008B4656 /* OverlayView.swift */,
			);
			path = Views;
			sourceTree = "<group>";
		};
		4358C027247394FE008B4656 /* Frameworks */ = {
			isa = PBXGroup;
			children = (
				4358C028247394FE008B4656 /* libc++.1.tbd */,
			);
			name = Frameworks;
			sourceTree = "<group>";
		};
		4396A9E125A5BE5D000ECD58 /* Recovered References */ = {
			isa = PBXGroup;
			children = (
			);
			name = "Recovered References";
			sourceTree = "<group>";
		};
		43A62A6124A353E000BDBD27 /* ModelAnalyzer */ = {
			isa = PBXGroup;
			children = (
				43A62A6224A353EF00BDBD27 /* ModelAnalyzer.swift */,
			);
			path = ModelAnalyzer;
			sourceTree = "<group>";
		};
		43BB382124AD8BF700D17529 /* RunThisModel */ = {
			isa = PBXGroup;
			children = (
				43BB382224AD8BF700D17529 /* RunThisModel.swift */,
			);
			path = RunThisModel;
			sourceTree = "<group>";
		};
/* End PBXGroup section */

/* Begin PBXHeadersBuildPhase section */
		4358BFDB24738DA1008B4656 /* Headers */ = {
			isa = PBXHeadersBuildPhase;
			buildActionMask = 2147483647;
			files = (
				4358BFE524738DA2008B4656 /* HKUITLTD_PoseEstim_Framework.h in Headers */,
			);
			runOnlyForDeploymentPostprocessing = 0;
		};
/* End PBXHeadersBuildPhase section */

/* Begin PBXNativeTarget section */
		4358BFDF24738DA1008B4656 /* HKUITLTD_PoseEstim_Framework */ = {
			isa = PBXNativeTarget;
			buildConfigurationList = 4358BFE824738DA2008B4656 /* Build configuration list for PBXNativeTarget "HKUITLTD_PoseEstim_Framework" */;
			buildPhases = (
				4358BFDB24738DA1008B4656 /* Headers */,
				4358BFDC24738DA1008B4656 /* Sources */,
				4358BFDD24738DA1008B4656 /* Frameworks */,
				4358BFDE24738DA1008B4656 /* Resources */,
			);
			buildRules = (
			);
			dependencies = (
			);
			name = HKUITLTD_PoseEstim_Framework;
			productName = HKUITLTD_PoseEstim_Framework;
			productReference = 4358BFE024738DA2008B4656 /* HKUITLTD_PoseEstim_Framework.framework */;
			productType = "com.apple.product-type.framework";
		};
/* End PBXNativeTarget section */

/* Begin PBXProject section */
		4358BFD724738DA1008B4656 /* Project object */ = {
			isa = PBXProject;
			attributes = {
				LastUpgradeCheck = 1130;
				ORGANIZATIONNAME = "Hong Kong Univisual Intelligent Technology Limited";
				TargetAttributes = {
					4358BFDF24738DA1008B4656 = {
						CreatedOnToolsVersion = 11.3.1;
					};
				};
			};
			buildConfigurationList = 4358BFDA24738DA1008B4656 /* Build configuration list for PBXProject "HKUITLTD_PoseEstim_Framework" */;
			compatibilityVersion = "Xcode 9.3";
			developmentRegion = en;
			hasScannedForEncodings = 0;
			knownRegions = (
				en,
				Base,
			);
			mainGroup = 4358BFD624738DA1008B4656;
			productRefGroup = 4358BFE124738DA2008B4656 /* Products */;
			projectDirPath = "";
			projectRoot = "";
			targets = (
				4358BFDF24738DA1008B4656 /* HKUITLTD_PoseEstim_Framework */,
			);
		};
/* End PBXProject section */

/* Begin PBXResourcesBuildPhase section */
		4358BFDE24738DA1008B4656 /* Resources */ = {
			isa = PBXResourcesBuildPhase;
			buildActionMask = 2147483647;
			files = (
				4358C022247390F4008B4656 /* mobilnetv2False2020-05-11-12-17-45.tflite in Resources */,
				4358C021247390F4008B4656 /* posenet_mobilenet_v1_100_257x257_multi_kpt_stripped.tflite in Resources */,
				846D47E425B1603E00563391 /* mobilenetv2False2021-01-15-10-55-41.tflite in Resources */,
				4358C00124738FC9008B4656 /* README.md in Resources */,
				4358C00024738FC9008B4656 /* LICENSE in Resources */,
			);
			runOnlyForDeploymentPostprocessing = 0;
		};
/* End PBXResourcesBuildPhase section */

/* Begin PBXSourcesBuildPhase section */
		4358BFDC24738DA1008B4656 /* Sources */ = {
			isa = PBXSourcesBuildPhase;
			buildActionMask = 2147483647;
			files = (
				4358C00924738FC9008B4656 /* Interpreter.swift in Sources */,
				4309A01F25A3039500F630BF /* MarjarasanaC.swift in Sources */,
				4396A97125A463E0000ECD58 /* YogaBase.swift in Sources */,
				4358C00824738FC9008B4656 /* CoreMLDelegate.swift in Sources */,
				844C835C25A82EBD00CD5729 /* ArdhaUttanasana.swift in Sources */,
				4315E6BE24A609D900B81FC3 /* Keypoint.swift in Sources */,
				4616D62B24EBF6D200992513 /* FeedbackUtilities.swift in Sources */,
				4358C01D247390F4008B4656 /* CGSizeExtension.swift in Sources */,
				43F919B325233FDA00B6A6E0 /* TPose.swift in Sources */,
				846FBE2E25AD44EA008F4FFE /* ArdhaVasisthasana.swift in Sources */,
				4309A02225A3039500F630BF /* UtthitaTrikonasana.swift in Sources */,
				4309A02525A3039500F630BF /* Utkatasana.swift in Sources */,
				4358C00524738FC9008B4656 /* TensorFlowLite.swift in Sources */,
				4309A02C25A303AA00F630BF /* ColorbitUtilities.swift in Sources */,
				4315E6CA24A60E3300B81FC3 /* CommentOfPose.swift in Sources */,
				4396A98A25A56938000ECD58 /* CVPixelBufferExtension.swift in Sources */,
				4309A02325A3039500F630BF /* VirabhadrasanaC.swift in Sources */,
				4396A98F25A569F9000ECD58 /* UtthitaParsvakonasanaA.swift in Sources */,
				4309A02B25A303AA00F630BF /* GetCGRect.swift in Sources */,
				4315E6C824A60DA200B81FC3 /* Pose.swift in Sources */,
				8473ADFD25AC417C0021CCA6 /* VirabhadrasanaA.swift in Sources */,
				4309A02425A3039500F630BF /* VirabhadrasanaD.swift in Sources */,
				4616D62D24ED3C6F00992513 /* AdhoMukhaShivanasana.swift in Sources */,
				8473ADF025AC1C210021CCA6 /* UtthitaParsvakonasanaB.swift in Sources */,
				4315E6BC24A609D900B81FC3 /* TimeResult.swift in Sources */,
				435A5D0525A2BB3F00AE0237 /* (null) in Sources */,
				844C837125A85F4600CD5729 /* MarjarasanaB.swift in Sources */,
				4358C01C247390F4008B4656 /* CameraFeedManager.swift in Sources */,
				846FBE1725AD3D1A008F4FFE /* ArdhaPurvattanasana.swift in Sources */,
				43A62A6324A353EF00BDBD27 /* ModelAnalyzer.swift in Sources */,
				4315E74024A616CE00B81FC3 /* Constants.swift in Sources */,
				435A5D0925A2F7EB00AE0237 /* (null) in Sources */,
				4358C00724738FC9008B4656 /* InterpreterError.swift in Sources */,
				4315E6BF24A609D900B81FC3 /* BodyPart.swift in Sources */,
				4396A98C25A5694C000ECD58 /* DeviceType.swift in Sources */,
				43F14E9424AEE71D000C6059 /* DrawResult.swift in Sources */,
				4358C01F247390F4008B4656 /* TFLiteExtension.swift in Sources */,
				4358C023247390F4008B4656 /* OverlayView.swift in Sources */,
				840E68FB25ABF108004671EA /* PhalakasanaA.swift in Sources */,
				4315E74124A616CE00B81FC3 /* tfModel.swift in Sources */,
				4309A01E25A3039500F630BF /* UrdhvaMukhaSvanasana.swift in Sources */,
				4309A01C25A3039500F630BF /* Bujangasana.swift in Sources */,
				4309A02125A3039500F630BF /* Balasana.swift in Sources */,
				4358C00A24738FC9008B4656 /* MetalDelegate.swift in Sources */,
				4315E6C624A60D6700B81FC3 /* ResultToArray.swift in Sources */,
				4309A01B25A3039500F630BF /* Padangushthasana.swift in Sources */,
				4616D62024EBF4BA00992513 /* UrdhvaDhanurasana.swift in Sources */,
				435A5D0B25A3046800AE0237 /* (null) in Sources */,
				4616D7CD24F62A9F00992513 /* GiveFeedBack.swift in Sources */,
				4358C01B247390F4008B4656 /* PreviewView.swift in Sources */,
				435A5D1425A4301700AE0237 /* (null) in Sources */,
				435A5D0725A2CED200AE0237 /* (null) in Sources */,
				4315E69224A5D82600B81FC3 /* Navasana.swift in Sources */,
				4358C00624738FC9008B4656 /* Delegate.swift in Sources */,
				4358C00424738FC9008B4656 /* Tensor.swift in Sources */,
				4358C00224738FC9008B4656 /* QuantizationParameters.swift in Sources */,
				846FBE3F25AD46D9008F4FFE /* Purvattanasana.swift in Sources */,
				43BB382324AD8BF700D17529 /* RunThisModel.swift in Sources */,
				435012AF255BC239007382F3 /* Shape.swift in Sources */,
				4309A01D25A3039500F630BF /* PhalakasanaB.swift in Sources */,
				4358C00324738FC9008B4656 /* Model.swift in Sources */,
				8473AE0825AC481B0021CCA6 /* VirabhadrasanaB.swift in Sources */,
				4315E6C024A609D900B81FC3 /* Line.swift in Sources */,
				4315E6C524A60D6700B81FC3 /* CalAngleDist.swift in Sources */,
				846FBE4B25AD4963008F4FFE /* SetuBandhasana.swift in Sources */,
			);
			runOnlyForDeploymentPostprocessing = 0;
		};
/* End PBXSourcesBuildPhase section */

/* Begin XCBuildConfiguration section */
		4358BFE624738DA2008B4656 /* Debug */ = {
			isa = XCBuildConfiguration;
			buildSettings = {
				ALWAYS_SEARCH_USER_PATHS = NO;
				CLANG_ANALYZER_NONNULL = YES;
				CLANG_ANALYZER_NUMBER_OBJECT_CONVERSION = YES_AGGRESSIVE;
				CLANG_CXX_LANGUAGE_STANDARD = "gnu++14";
				CLANG_CXX_LIBRARY = "libc++";
				CLANG_ENABLE_MODULES = YES;
				CLANG_ENABLE_OBJC_ARC = YES;
				CLANG_ENABLE_OBJC_WEAK = YES;
				CLANG_WARN_BLOCK_CAPTURE_AUTORELEASING = YES;
				CLANG_WARN_BOOL_CONVERSION = YES;
				CLANG_WARN_COMMA = YES;
				CLANG_WARN_CONSTANT_CONVERSION = YES;
				CLANG_WARN_DEPRECATED_OBJC_IMPLEMENTATIONS = YES;
				CLANG_WARN_DIRECT_OBJC_ISA_USAGE = YES_ERROR;
				CLANG_WARN_DOCUMENTATION_COMMENTS = YES;
				CLANG_WARN_EMPTY_BODY = YES;
				CLANG_WARN_ENUM_CONVERSION = YES;
				CLANG_WARN_INFINITE_RECURSION = YES;
				CLANG_WARN_INT_CONVERSION = YES;
				CLANG_WARN_NON_LITERAL_NULL_CONVERSION = YES;
				CLANG_WARN_OBJC_IMPLICIT_RETAIN_SELF = YES;
				CLANG_WARN_OBJC_LITERAL_CONVERSION = YES;
				CLANG_WARN_OBJC_ROOT_CLASS = YES_ERROR;
				CLANG_WARN_RANGE_LOOP_ANALYSIS = YES;
				CLANG_WARN_STRICT_PROTOTYPES = YES;
				CLANG_WARN_SUSPICIOUS_MOVE = YES;
				CLANG_WARN_UNGUARDED_AVAILABILITY = YES_AGGRESSIVE;
				CLANG_WARN_UNREACHABLE_CODE = YES;
				CLANG_WARN__DUPLICATE_METHOD_MATCH = YES;
				COPY_PHASE_STRIP = NO;
				CURRENT_PROJECT_VERSION = 1;
				DEBUG_INFORMATION_FORMAT = dwarf;
				ENABLE_STRICT_OBJC_MSGSEND = YES;
				ENABLE_TESTABILITY = YES;
				GCC_C_LANGUAGE_STANDARD = gnu11;
				GCC_DYNAMIC_NO_PIC = NO;
				GCC_NO_COMMON_BLOCKS = YES;
				GCC_OPTIMIZATION_LEVEL = 0;
				GCC_PREPROCESSOR_DEFINITIONS = (
					"DEBUG=1",
					"$(inherited)",
				);
				GCC_WARN_64_TO_32_BIT_CONVERSION = YES;
				GCC_WARN_ABOUT_RETURN_TYPE = YES_ERROR;
				GCC_WARN_UNDECLARED_SELECTOR = YES;
				GCC_WARN_UNINITIALIZED_AUTOS = YES_AGGRESSIVE;
				GCC_WARN_UNUSED_FUNCTION = YES;
				GCC_WARN_UNUSED_VARIABLE = YES;
				IPHONEOS_DEPLOYMENT_TARGET = 12.1;
				MTL_ENABLE_DEBUG_INFO = INCLUDE_SOURCE;
				MTL_FAST_MATH = YES;
				ONLY_ACTIVE_ARCH = YES;
				SDKROOT = iphoneos;
				SWIFT_ACTIVE_COMPILATION_CONDITIONS = DEBUG;
				SWIFT_OPTIMIZATION_LEVEL = "-Onone";
				VERSIONING_SYSTEM = "apple-generic";
				VERSION_INFO_PREFIX = "";
			};
			name = Debug;
		};
		4358BFE724738DA2008B4656 /* Release */ = {
			isa = XCBuildConfiguration;
			buildSettings = {
				ALWAYS_SEARCH_USER_PATHS = NO;
				CLANG_ANALYZER_NONNULL = YES;
				CLANG_ANALYZER_NUMBER_OBJECT_CONVERSION = YES_AGGRESSIVE;
				CLANG_CXX_LANGUAGE_STANDARD = "gnu++14";
				CLANG_CXX_LIBRARY = "libc++";
				CLANG_ENABLE_MODULES = YES;
				CLANG_ENABLE_OBJC_ARC = YES;
				CLANG_ENABLE_OBJC_WEAK = YES;
				CLANG_WARN_BLOCK_CAPTURE_AUTORELEASING = YES;
				CLANG_WARN_BOOL_CONVERSION = YES;
				CLANG_WARN_COMMA = YES;
				CLANG_WARN_CONSTANT_CONVERSION = YES;
				CLANG_WARN_DEPRECATED_OBJC_IMPLEMENTATIONS = YES;
				CLANG_WARN_DIRECT_OBJC_ISA_USAGE = YES_ERROR;
				CLANG_WARN_DOCUMENTATION_COMMENTS = YES;
				CLANG_WARN_EMPTY_BODY = YES;
				CLANG_WARN_ENUM_CONVERSION = YES;
				CLANG_WARN_INFINITE_RECURSION = YES;
				CLANG_WARN_INT_CONVERSION = YES;
				CLANG_WARN_NON_LITERAL_NULL_CONVERSION = YES;
				CLANG_WARN_OBJC_IMPLICIT_RETAIN_SELF = YES;
				CLANG_WARN_OBJC_LITERAL_CONVERSION = YES;
				CLANG_WARN_OBJC_ROOT_CLASS = YES_ERROR;
				CLANG_WARN_RANGE_LOOP_ANALYSIS = YES;
				CLANG_WARN_STRICT_PROTOTYPES = YES;
				CLANG_WARN_SUSPICIOUS_MOVE = YES;
				CLANG_WARN_UNGUARDED_AVAILABILITY = YES_AGGRESSIVE;
				CLANG_WARN_UNREACHABLE_CODE = YES;
				CLANG_WARN__DUPLICATE_METHOD_MATCH = YES;
				COPY_PHASE_STRIP = NO;
				CURRENT_PROJECT_VERSION = 1;
				DEBUG_INFORMATION_FORMAT = "dwarf-with-dsym";
				ENABLE_NS_ASSERTIONS = NO;
				ENABLE_STRICT_OBJC_MSGSEND = YES;
				GCC_C_LANGUAGE_STANDARD = gnu11;
				GCC_NO_COMMON_BLOCKS = YES;
				GCC_WARN_64_TO_32_BIT_CONVERSION = YES;
				GCC_WARN_ABOUT_RETURN_TYPE = YES_ERROR;
				GCC_WARN_UNDECLARED_SELECTOR = YES;
				GCC_WARN_UNINITIALIZED_AUTOS = YES_AGGRESSIVE;
				GCC_WARN_UNUSED_FUNCTION = YES;
				GCC_WARN_UNUSED_VARIABLE = YES;
				IPHONEOS_DEPLOYMENT_TARGET = 12.1;
				MTL_ENABLE_DEBUG_INFO = NO;
				MTL_FAST_MATH = YES;
				SDKROOT = iphoneos;
				SWIFT_COMPILATION_MODE = wholemodule;
				SWIFT_OPTIMIZATION_LEVEL = "-O";
				VALIDATE_PRODUCT = YES;
				VERSIONING_SYSTEM = "apple-generic";
				VERSION_INFO_PREFIX = "";
			};
			name = Release;
		};
		4358BFE924738DA2008B4656 /* Debug */ = {
			isa = XCBuildConfiguration;
			buildSettings = {
				"CODE_SIGN_IDENTITY[sdk=macosx*]" = "Apple Development";
				CODE_SIGN_STYLE = Automatic;
				DEFINES_MODULE = YES;
				DEVELOPMENT_TEAM = 2Y6TZAJ694;
				DYLIB_COMPATIBILITY_VERSION = 1;
				DYLIB_CURRENT_VERSION = 1;
				DYLIB_INSTALL_NAME_BASE = "@rpath";
				FRAMEWORK_SEARCH_PATHS = (
					"$(inherited)",
					"$(PROJECT_DIR)/HKUITLTD_PoseEstim_Framework/TensorFlowLiteC/Frameworks",
					/Users/hkuit155/Desktop/HKUITLTD_PoseEstim_Framework_beta_1/HKUITLTD_PoseEstim_Framework,
				);
				INFOPLIST_FILE = HKUITLTD_PoseEstim_Framework/Info.plist;
				INSTALL_PATH = "$(LOCAL_LIBRARY_DIR)/Frameworks";
				IPHONEOS_DEPLOYMENT_TARGET = 12.0;
				LD_RUNPATH_SEARCH_PATHS = (
					"$(inherited)",
					"@executable_path/Frameworks",
					"@loader_path/Frameworks",
					/Users/hkuit155/Desktop/HKUITLTD_PoseEstim_Framework_beta_1/HKUITLTD_PoseEstim_Framework,
				);
				PRODUCT_BUNDLE_IDENTIFIER = "HKUITLTD.HKUITLTD-PoseEstim-Framework";
				PRODUCT_NAME = "$(TARGET_NAME:c99extidentifier)";
				SKIP_INSTALL = YES;
				SUPPORTS_MACCATALYST = YES;
				SWIFT_VERSION = 5.0;
				TARGETED_DEVICE_FAMILY = "1,2";
			};
			name = Debug;
		};
		4358BFEA24738DA2008B4656 /* Release */ = {
			isa = XCBuildConfiguration;
			buildSettings = {
				"CODE_SIGN_IDENTITY[sdk=macosx*]" = "Apple Development";
				CODE_SIGN_STYLE = Automatic;
				DEFINES_MODULE = YES;
				DEVELOPMENT_TEAM = 2Y6TZAJ694;
				DYLIB_COMPATIBILITY_VERSION = 1;
				DYLIB_CURRENT_VERSION = 1;
				DYLIB_INSTALL_NAME_BASE = "@rpath";
				FRAMEWORK_SEARCH_PATHS = (
					"$(inherited)",
					"$(PROJECT_DIR)/HKUITLTD_PoseEstim_Framework/TensorFlowLiteC/Frameworks",
					/Users/hkuit155/Desktop/HKUITLTD_PoseEstim_Framework_beta_1/HKUITLTD_PoseEstim_Framework,
				);
				INFOPLIST_FILE = HKUITLTD_PoseEstim_Framework/Info.plist;
				INSTALL_PATH = "$(LOCAL_LIBRARY_DIR)/Frameworks";
				IPHONEOS_DEPLOYMENT_TARGET = 12.0;
				LD_RUNPATH_SEARCH_PATHS = (
					"$(inherited)",
					"@executable_path/Frameworks",
					"@loader_path/Frameworks",
					/Users/hkuit155/Desktop/HKUITLTD_PoseEstim_Framework_beta_1/HKUITLTD_PoseEstim_Framework,
				);
				PRODUCT_BUNDLE_IDENTIFIER = "HKUITLTD.HKUITLTD-PoseEstim-Framework";
				PRODUCT_NAME = "$(TARGET_NAME:c99extidentifier)";
				SKIP_INSTALL = YES;
				SUPPORTS_MACCATALYST = YES;
				SWIFT_VERSION = 5.0;
				TARGETED_DEVICE_FAMILY = "1,2";
			};
			name = Release;
		};
/* End XCBuildConfiguration section */

/* Begin XCConfigurationList section */
		4358BFDA24738DA1008B4656 /* Build configuration list for PBXProject "HKUITLTD_PoseEstim_Framework" */ = {
			isa = XCConfigurationList;
			buildConfigurations = (
				4358BFE624738DA2008B4656 /* Debug */,
				4358BFE724738DA2008B4656 /* Release */,
			);
			defaultConfigurationIsVisible = 0;
			defaultConfigurationName = Release;
		};
		4358BFE824738DA2008B4656 /* Build configuration list for PBXNativeTarget "HKUITLTD_PoseEstim_Framework" */ = {
			isa = XCConfigurationList;
			buildConfigurations = (
				4358BFE924738DA2008B4656 /* Debug */,
				4358BFEA24738DA2008B4656 /* Release */,
			);
			defaultConfigurationIsVisible = 0;
			defaultConfigurationName = Release;
		};
/* End XCConfigurationList section */
	};
	rootObject = 4358BFD724738DA1008B4656 /* Project object */;
}
